
Microsoft Visual Studio Solution File, Format Version 12.00
# Visual Studio 15
VisualStudioVersion = 15.0.27428.2005
MinimumVisualStudioVersion = 10.0.40219.1
Project("{FAE04EC0-301F-11D3-BF4B-00C04F79EFBC}") = "B", "B\B.csproj", "{D9F1F48B-80F2-443E-B4AD-C3E7928FF3C6}"
EndProject
Project("{FAE04EC0-301F-11D3-BF4B-00C04F79EFBC}") = "C", "C\C.csproj", "{09E4352F-ED75-4C88-84E1-C1B9B1F1F4B6}"
EndProject
Global
	GlobalSection(SolutionConfigurationPlatforms) = preSolution
		Debug|Any CPU = Debug|Any CPU
		Release|Any CPU = Release|Any CPU
	EndGlobalSection
	GlobalSection(ProjectConfigurationPlatforms) = postSolution
		{D9F1F48B-80F2-443E-B4AD-C3E7928FF3C6}.Debug|Any CPU.ActiveCfg = Debug|Any CPU
		{D9F1F48B-80F2-443E-B4AD-C3E7928FF3C6}.Debug|Any CPU.Build.0 = Debug|Any CPU
		{D9F1F48B-80F2-443E-B4AD-C3E7928FF3C6}.Release|Any CPU.ActiveCfg = Release|Any CPU
		{D9F1F48B-80F2-443E-B4AD-C3E7928FF3C6}.Release|Any CPU.Build.0 = Release|Any CPU
		{09E4352F-ED75-4C88-84E1-C1B9B1F1F4B6}.Debug|Any CPU.ActiveCfg = Debug|Any CPU
		{09E4352F-ED75-4C88-84E1-C1B9B1F1F4B6}.Debug|Any CPU.Build.0 = Debug|Any CPU
		{09E4352F-ED75-4C88-84E1-C1B9B1F1F4B6}.Release|Any CPU.ActiveCfg = Release|Any CPU
		{09E4352F-ED75-4C88-84E1-C1B9B1F1F4B6}.Release|Any CPU.Build.0 = Release|Any CPU
	EndGlobalSection
	GlobalSection(SolutionProperties) = preSolution
		HideSolutionNode = FALSE
	EndGlobalSection
	GlobalSection(ExtensibilityGlobals) = postSolution
		SolutionGuid = {4789728E-6CB8-43D5-B86C-E1B8B674304C}
	EndGlobalSection
EndGlobal
