
Microsoft Visual Studio Solution File, Format Version 12.00
# Visual Studio 15
VisualStudioVersion = 15.0.28010.2019
MinimumVisualStudioVersion = 10.0.40219.1
Project("{8BC9CEB8-8B4A-11D0-8D11-00A0C91BC942}") = "A_cpp", "A_cpp\A_cpp.vcxproj", "{A15EBAEC-2AF7-4081-837F-D11E4F89BD79}"
EndProject
Project("{8BC9CEB8-8B4A-11D0-8D11-00A0C91BC942}") = "B_cpp", "B_cpp\B_cpp.vcxproj", "{B421CC47-F3AF-496B-A1BF-D27AD5AE3234}"
EndProject
Global
	GlobalSection(SolutionConfigurationPlatforms) = preSolution
		Debug|x64 = Debug|x64
		Debug|x86 = Debug|x86
		Release|x64 = Release|x64
		Release|x86 = Release|x86
	EndGlobalSection
	GlobalSection(ProjectConfigurationPlatforms) = postSolution
		{A15EBAEC-2AF7-4081-837F-D11E4F89BD79}.Debug|x64.ActiveCfg = Debug|x64
		{A15EBAEC-2AF7-4081-837F-D11E4F89BD79}.Debug|x64.Build.0 = Debug|x64
		{A15EBAEC-2AF7-4081-837F-D11E4F89BD79}.Debug|x86.ActiveCfg = Debug|Win32
		{A15EBAEC-2AF7-4081-837F-D11E4F89BD79}.Debug|x86.Build.0 = Debug|Win32
		{A15EBAEC-2AF7-4081-837F-D11E4F89BD79}.Release|x64.ActiveCfg = Release|x64
		{A15EBAEC-2AF7-4081-837F-D11E4F89BD79}.Release|x64.Build.0 = Release|x64
		{A15EBAEC-2AF7-4081-837F-D11E4F89BD79}.Release|x86.ActiveCfg = Release|Win32
		{A15EBAEC-2AF7-4081-837F-D11E4F89BD79}.Release|x86.Build.0 = Release|Win32
		{B421CC47-F3AF-496B-A1BF-D27AD5AE3234}.Debug|x64.ActiveCfg = Debug|x64
		{B421CC47-F3AF-496B-A1BF-D27AD5AE3234}.Debug|x64.Build.0 = Debug|x64
		{B421CC47-F3AF-496B-A1BF-D27AD5AE3234}.Debug|x86.ActiveCfg = Debug|Win32
		{B421CC47-F3AF-496B-A1BF-D27AD5AE3234}.Debug|x86.Build.0 = Debug|Win32
		{B421CC47-F3AF-496B-A1BF-D27AD5AE3234}.Release|x64.ActiveCfg = Release|x64
		{B421CC47-F3AF-496B-A1BF-D27AD5AE3234}.Release|x64.Build.0 = Release|x64
		{B421CC47-F3AF-496B-A1BF-D27AD5AE3234}.Release|x86.ActiveCfg = Release|Win32
		{B421CC47-F3AF-496B-A1BF-D27AD5AE3234}.Release|x86.Build.0 = Release|Win32
	EndGlobalSection
	GlobalSection(SolutionProperties) = preSolution
		HideSolutionNode = FALSE
	EndGlobalSection
	GlobalSection(ExtensibilityGlobals) = postSolution
		SolutionGuid = {008F31F6-576A-44E6-943A-452AE017CECA}
	EndGlobalSection
EndGlobal
