
Microsoft Visual Studio Solution File, Format Version 12.00
# Visual Studio 15
VisualStudioVersion = 15.0.27703.2047
MinimumVisualStudioVersion = 10.0.40219.1
Project("{FAE04EC0-301F-11D3-BF4B-00C04F79EFBC}") = "A", "A\A.csproj", "{587A073A-338B-4FD2-AC17-58B12739FB48}"
EndProject
Project("{2150E333-8FDC-42A3-9474-1A3956D46DE8}") = "Tests", "Tests", "{FFC5938E-151F-427F-B5FB-4CAE1BFD6816}"
EndProject
Project("{FAE04EC0-301F-11D3-BF4B-00C04F79EFBC}") = "B", "B\B.csproj", "{05C6CFC5-5B65-46D8-9BF5-564ADF63036F}"
EndProject
Project("{FAE04EC0-301F-11D3-BF4B-00C04F79EFBC}") = "C", "C\C.csproj", "{70218BD5-7F52-421F-A924-B1731F68E5C0}"
EndProject
Project("{FAE04EC0-301F-11D3-BF4B-00C04F79EFBC}") = "D", "D\D.csproj", "{F5599ABA-7107-4B9D-856B-F02B95C8B73B}"
EndProject
Project("{FAE04EC0-301F-11D3-BF4B-00C04F79EFBC}") = "TestA", "TestA\TestA.csproj", "{BE4061EC-CE05-4729-9EFC-F69343390355}"
EndProject
Project("{FAE04EC0-301F-11D3-BF4B-00C04F79EFBC}") = "TestB", "TestB\TestB.csproj", "{1C024DC1-23B0-4729-A00B-5527436069B1}"
EndProject
Project("{FAE04EC0-301F-11D3-BF4B-00C04F79EFBC}") = "TestC", "TestC\TestC.csproj", "{626D9E5B-A79C-4459-BFAC-2CC0134E4868}"
EndProject
Project("{FAE04EC0-301F-11D3-BF4B-00C04F79EFBC}") = "TestD", "TestD\TestD.csproj", "{30A61279-BF42-43B4-9394-D60A7AE1CB73}"
EndProject
Global
	GlobalSection(SolutionConfigurationPlatforms) = preSolution
		Debug|Any CPU = Debug|Any CPU
		Release|Any CPU = Release|Any CPU
	EndGlobalSection
	GlobalSection(ProjectConfigurationPlatforms) = postSolution
		{587A073A-338B-4FD2-AC17-58B12739FB48}.Debug|Any CPU.ActiveCfg = Debug|Any CPU
		{587A073A-338B-4FD2-AC17-58B12739FB48}.Debug|Any CPU.Build.0 = Debug|Any CPU
		{587A073A-338B-4FD2-AC17-58B12739FB48}.Release|Any CPU.ActiveCfg = Release|Any CPU
		{587A073A-338B-4FD2-AC17-58B12739FB48}.Release|Any CPU.Build.0 = Release|Any CPU
		{05C6CFC5-5B65-46D8-9BF5-564ADF63036F}.Debug|Any CPU.ActiveCfg = Debug|Any CPU
		{05C6CFC5-5B65-46D8-9BF5-564ADF63036F}.Debug|Any CPU.Build.0 = Debug|Any CPU
		{05C6CFC5-5B65-46D8-9BF5-564ADF63036F}.Release|Any CPU.ActiveCfg = Release|Any CPU
		{05C6CFC5-5B65-46D8-9BF5-564ADF63036F}.Release|Any CPU.Build.0 = Release|Any CPU
		{70218BD5-7F52-421F-A924-B1731F68E5C0}.Debug|Any CPU.ActiveCfg = Debug|Any CPU
		{70218BD5-7F52-421F-A924-B1731F68E5C0}.Debug|Any CPU.Build.0 = Debug|Any CPU
		{70218BD5-7F52-421F-A924-B1731F68E5C0}.Release|Any CPU.ActiveCfg = Release|Any CPU
		{70218BD5-7F52-421F-A924-B1731F68E5C0}.Release|Any CPU.Build.0 = Release|Any CPU
		{F5599ABA-7107-4B9D-856B-F02B95C8B73B}.Debug|Any CPU.ActiveCfg = Debug|Any CPU
		{F5599ABA-7107-4B9D-856B-F02B95C8B73B}.Debug|Any CPU.Build.0 = Debug|Any CPU
		{F5599ABA-7107-4B9D-856B-F02B95C8B73B}.Release|Any CPU.ActiveCfg = Release|Any CPU
		{F5599ABA-7107-4B9D-856B-F02B95C8B73B}.Release|Any CPU.Build.0 = Release|Any CPU
		{BE4061EC-CE05-4729-9EFC-F69343390355}.Debug|Any CPU.ActiveCfg = Debug|Any CPU
		{BE4061EC-CE05-4729-9EFC-F69343390355}.Debug|Any CPU.Build.0 = Debug|Any CPU
		{BE4061EC-CE05-4729-9EFC-F69343390355}.Release|Any CPU.ActiveCfg = Release|Any CPU
		{BE4061EC-CE05-4729-9EFC-F69343390355}.Release|Any CPU.Build.0 = Release|Any CPU
		{1C024DC1-23B0-4729-A00B-5527436069B1}.Debug|Any CPU.ActiveCfg = Debug|Any CPU
		{1C024DC1-23B0-4729-A00B-5527436069B1}.Debug|Any CPU.Build.0 = Debug|Any CPU
		{1C024DC1-23B0-4729-A00B-5527436069B1}.Release|Any CPU.ActiveCfg = Release|Any CPU
		{1C024DC1-23B0-4729-A00B-5527436069B1}.Release|Any CPU.Build.0 = Release|Any CPU
		{626D9E5B-A79C-4459-BFAC-2CC0134E4868}.Debug|Any CPU.ActiveCfg = Debug|Any CPU
		{626D9E5B-A79C-4459-BFAC-2CC0134E4868}.Debug|Any CPU.Build.0 = Debug|Any CPU
		{626D9E5B-A79C-4459-BFAC-2CC0134E4868}.Release|Any CPU.ActiveCfg = Release|Any CPU
		{626D9E5B-A79C-4459-BFAC-2CC0134E4868}.Release|Any CPU.Build.0 = Release|Any CPU
		{30A61279-BF42-43B4-9394-D60A7AE1CB73}.Debug|Any CPU.ActiveCfg = Debug|Any CPU
		{30A61279-BF42-43B4-9394-D60A7AE1CB73}.Debug|Any CPU.Build.0 = Debug|Any CPU
		{30A61279-BF42-43B4-9394-D60A7AE1CB73}.Release|Any CPU.ActiveCfg = Release|Any CPU
		{30A61279-BF42-43B4-9394-D60A7AE1CB73}.Release|Any CPU.Build.0 = Release|Any CPU
	EndGlobalSection
	GlobalSection(SolutionProperties) = preSolution
		HideSolutionNode = FALSE
	EndGlobalSection
	GlobalSection(NestedProjects) = preSolution
		{BE4061EC-CE05-4729-9EFC-F69343390355} = {FFC5938E-151F-427F-B5FB-4CAE1BFD6816}
		{1C024DC1-23B0-4729-A00B-5527436069B1} = {FFC5938E-151F-427F-B5FB-4CAE1BFD6816}
		{626D9E5B-A79C-4459-BFAC-2CC0134E4868} = {FFC5938E-151F-427F-B5FB-4CAE1BFD6816}
		{30A61279-BF42-43B4-9394-D60A7AE1CB73} = {FFC5938E-151F-427F-B5FB-4CAE1BFD6816}
	EndGlobalSection
	GlobalSection(ExtensibilityGlobals) = postSolution
		SolutionGuid = {1C9F0E70-A262-48CF-87FD-6F1CCE2665C1}
	EndGlobalSection
EndGlobal
