
Microsoft Visual Studio Solution File, Format Version 12.00
# Visual Studio 15
VisualStudioVersion = 15.0.28010.2036
MinimumVisualStudioVersion = 10.0.40219.1
Project("{8BC9CEB8-8B4A-11D0-8D11-00A0C91BC942}") = "ABC102", "ABC102\ABC102.vcxproj", "{5B5F27A0-BF8C-482B-B88D-530A0AF28AC2}"
EndProject
Project("{8BC9CEB8-8B4A-11D0-8D11-00A0C91BC942}") = "ABC101", "ABC101\ABC101.vcxproj", "{99336164-AC13-42D2-A4BF-C61E0EEF4CA7}"
EndProject
Project("{8BC9CEB8-8B4A-11D0-8D11-00A0C91BC942}") = "ABC100", "ABC100\ABC100.vcxproj", "{A579BBEE-AAD0-43A2-98A8-AF1CE694890B}"
EndProject
Project("{8BC9CEB8-8B4A-11D0-8D11-00A0C91BC942}") = "ABC042", "ABC042\ABC042.vcxproj", "{10E085E1-512E-4179-A279-49880F89A21A}"
EndProject
Project("{8BC9CEB8-8B4A-11D0-8D11-00A0C91BC942}") = "ABC099", "ABC09\ABC09.vcxproj", "{27C92177-B91B-4898-B5D5-89E1D7157F06}"
EndProject
Project("{8BC9CEB8-8B4A-11D0-8D11-00A0C91BC942}") = "ABC098", "ABC098\ABC098.vcxproj", "{629FF139-DAC4-47FB-8AAF-FAC2B04A0BA1}"
EndProject
Project("{8BC9CEB8-8B4A-11D0-8D11-00A0C91BC942}") = "ABC097", "ABC097\ABC097.vcxproj", "{6942F3FE-571B-4D83-A1CC-F27BA8A106AE}"
EndProject
Project("{FAE04EC0-301F-11D3-BF4B-00C04F79EFBC}") = "All", "All\All.csproj", "{10A5BDFA-5E5E-464C-A074-5E0663F55E6F}"
EndProject
Global
	GlobalSection(SolutionConfigurationPlatforms) = preSolution
		Debug|Any CPU = Debug|Any CPU
		Debug|x64 = Debug|x64
		Debug|x86 = Debug|x86
		Release|Any CPU = Release|Any CPU
		Release|x64 = Release|x64
		Release|x86 = Release|x86
	EndGlobalSection
	GlobalSection(ProjectConfigurationPlatforms) = postSolution
		{5B5F27A0-BF8C-482B-B88D-530A0AF28AC2}.Debug|Any CPU.ActiveCfg = Debug|Win32
		{5B5F27A0-BF8C-482B-B88D-530A0AF28AC2}.Debug|x64.ActiveCfg = Debug|x64
		{5B5F27A0-BF8C-482B-B88D-530A0AF28AC2}.Debug|x64.Build.0 = Debug|x64
		{5B5F27A0-BF8C-482B-B88D-530A0AF28AC2}.Debug|x86.ActiveCfg = Debug|Win32
		{5B5F27A0-BF8C-482B-B88D-530A0AF28AC2}.Debug|x86.Build.0 = Debug|Win32
		{5B5F27A0-BF8C-482B-B88D-530A0AF28AC2}.Release|Any CPU.ActiveCfg = Release|Win32
		{5B5F27A0-BF8C-482B-B88D-530A0AF28AC2}.Release|x64.ActiveCfg = Release|x64
		{5B5F27A0-BF8C-482B-B88D-530A0AF28AC2}.Release|x64.Build.0 = Release|x64
		{5B5F27A0-BF8C-482B-B88D-530A0AF28AC2}.Release|x86.ActiveCfg = Release|Win32
		{5B5F27A0-BF8C-482B-B88D-530A0AF28AC2}.Release|x86.Build.0 = Release|Win32
		{99336164-AC13-42D2-A4BF-C61E0EEF4CA7}.Debug|Any CPU.ActiveCfg = Debug|Win32
		{99336164-AC13-42D2-A4BF-C61E0EEF4CA7}.Debug|x64.ActiveCfg = Debug|x64
		{99336164-AC13-42D2-A4BF-C61E0EEF4CA7}.Debug|x64.Build.0 = Debug|x64
		{99336164-AC13-42D2-A4BF-C61E0EEF4CA7}.Debug|x86.ActiveCfg = Debug|Win32
		{99336164-AC13-42D2-A4BF-C61E0EEF4CA7}.Debug|x86.Build.0 = Debug|Win32
		{99336164-AC13-42D2-A4BF-C61E0EEF4CA7}.Release|Any CPU.ActiveCfg = Release|Win32
		{99336164-AC13-42D2-A4BF-C61E0EEF4CA7}.Release|x64.ActiveCfg = Release|x64
		{99336164-AC13-42D2-A4BF-C61E0EEF4CA7}.Release|x64.Build.0 = Release|x64
		{99336164-AC13-42D2-A4BF-C61E0EEF4CA7}.Release|x86.ActiveCfg = Release|Win32
		{99336164-AC13-42D2-A4BF-C61E0EEF4CA7}.Release|x86.Build.0 = Release|Win32
		{A579BBEE-AAD0-43A2-98A8-AF1CE694890B}.Debug|Any CPU.ActiveCfg = Debug|Win32
		{A579BBEE-AAD0-43A2-98A8-AF1CE694890B}.Debug|x64.ActiveCfg = Debug|x64
		{A579BBEE-AAD0-43A2-98A8-AF1CE694890B}.Debug|x64.Build.0 = Debug|x64
		{A579BBEE-AAD0-43A2-98A8-AF1CE694890B}.Debug|x86.ActiveCfg = Debug|Win32
		{A579BBEE-AAD0-43A2-98A8-AF1CE694890B}.Debug|x86.Build.0 = Debug|Win32
		{A579BBEE-AAD0-43A2-98A8-AF1CE694890B}.Release|Any CPU.ActiveCfg = Release|Win32
		{A579BBEE-AAD0-43A2-98A8-AF1CE694890B}.Release|x64.ActiveCfg = Release|x64
		{A579BBEE-AAD0-43A2-98A8-AF1CE694890B}.Release|x64.Build.0 = Release|x64
		{A579BBEE-AAD0-43A2-98A8-AF1CE694890B}.Release|x86.ActiveCfg = Release|Win32
		{A579BBEE-AAD0-43A2-98A8-AF1CE694890B}.Release|x86.Build.0 = Release|Win32
		{10E085E1-512E-4179-A279-49880F89A21A}.Debug|Any CPU.ActiveCfg = Debug|Win32
		{10E085E1-512E-4179-A279-49880F89A21A}.Debug|x64.ActiveCfg = Debug|x64
		{10E085E1-512E-4179-A279-49880F89A21A}.Debug|x64.Build.0 = Debug|x64
		{10E085E1-512E-4179-A279-49880F89A21A}.Debug|x86.ActiveCfg = Debug|Win32
		{10E085E1-512E-4179-A279-49880F89A21A}.Debug|x86.Build.0 = Debug|Win32
		{10E085E1-512E-4179-A279-49880F89A21A}.Release|Any CPU.ActiveCfg = Release|Win32
		{10E085E1-512E-4179-A279-49880F89A21A}.Release|x64.ActiveCfg = Release|x64
		{10E085E1-512E-4179-A279-49880F89A21A}.Release|x64.Build.0 = Release|x64
		{10E085E1-512E-4179-A279-49880F89A21A}.Release|x86.ActiveCfg = Release|Win32
		{10E085E1-512E-4179-A279-49880F89A21A}.Release|x86.Build.0 = Release|Win32
		{27C92177-B91B-4898-B5D5-89E1D7157F06}.Debug|Any CPU.ActiveCfg = Debug|Win32
		{27C92177-B91B-4898-B5D5-89E1D7157F06}.Debug|x64.ActiveCfg = Debug|x64
		{27C92177-B91B-4898-B5D5-89E1D7157F06}.Debug|x64.Build.0 = Debug|x64
		{27C92177-B91B-4898-B5D5-89E1D7157F06}.Debug|x86.ActiveCfg = Debug|Win32
		{27C92177-B91B-4898-B5D5-89E1D7157F06}.Debug|x86.Build.0 = Debug|Win32
		{27C92177-B91B-4898-B5D5-89E1D7157F06}.Release|Any CPU.ActiveCfg = Release|Win32
		{27C92177-B91B-4898-B5D5-89E1D7157F06}.Release|x64.ActiveCfg = Release|x64
		{27C92177-B91B-4898-B5D5-89E1D7157F06}.Release|x64.Build.0 = Release|x64
		{27C92177-B91B-4898-B5D5-89E1D7157F06}.Release|x86.ActiveCfg = Release|Win32
		{27C92177-B91B-4898-B5D5-89E1D7157F06}.Release|x86.Build.0 = Release|Win32
		{629FF139-DAC4-47FB-8AAF-FAC2B04A0BA1}.Debug|Any CPU.ActiveCfg = Debug|Win32
		{629FF139-DAC4-47FB-8AAF-FAC2B04A0BA1}.Debug|x64.ActiveCfg = Debug|x64
		{629FF139-DAC4-47FB-8AAF-FAC2B04A0BA1}.Debug|x64.Build.0 = Debug|x64
		{629FF139-DAC4-47FB-8AAF-FAC2B04A0BA1}.Debug|x86.ActiveCfg = Debug|Win32
		{629FF139-DAC4-47FB-8AAF-FAC2B04A0BA1}.Debug|x86.Build.0 = Debug|Win32
		{629FF139-DAC4-47FB-8AAF-FAC2B04A0BA1}.Release|Any CPU.ActiveCfg = Release|Win32
		{629FF139-DAC4-47FB-8AAF-FAC2B04A0BA1}.Release|x64.ActiveCfg = Release|x64
		{629FF139-DAC4-47FB-8AAF-FAC2B04A0BA1}.Release|x64.Build.0 = Release|x64
		{629FF139-DAC4-47FB-8AAF-FAC2B04A0BA1}.Release|x86.ActiveCfg = Release|Win32
		{629FF139-DAC4-47FB-8AAF-FAC2B04A0BA1}.Release|x86.Build.0 = Release|Win32
		{6942F3FE-571B-4D83-A1CC-F27BA8A106AE}.Debug|Any CPU.ActiveCfg = Debug|Win32
		{6942F3FE-571B-4D83-A1CC-F27BA8A106AE}.Debug|x64.ActiveCfg = Debug|x64
		{6942F3FE-571B-4D83-A1CC-F27BA8A106AE}.Debug|x64.Build.0 = Debug|x64
		{6942F3FE-571B-4D83-A1CC-F27BA8A106AE}.Debug|x86.ActiveCfg = Debug|Win32
		{6942F3FE-571B-4D83-A1CC-F27BA8A106AE}.Debug|x86.Build.0 = Debug|Win32
		{6942F3FE-571B-4D83-A1CC-F27BA8A106AE}.Release|Any CPU.ActiveCfg = Release|Win32
		{6942F3FE-571B-4D83-A1CC-F27BA8A106AE}.Release|x64.ActiveCfg = Release|x64
		{6942F3FE-571B-4D83-A1CC-F27BA8A106AE}.Release|x64.Build.0 = Release|x64
		{6942F3FE-571B-4D83-A1CC-F27BA8A106AE}.Release|x86.ActiveCfg = Release|Win32
		{6942F3FE-571B-4D83-A1CC-F27BA8A106AE}.Release|x86.Build.0 = Release|Win32
		{10A5BDFA-5E5E-464C-A074-5E0663F55E6F}.Debug|Any CPU.ActiveCfg = Debug|Any CPU
		{10A5BDFA-5E5E-464C-A074-5E0663F55E6F}.Debug|Any CPU.Build.0 = Debug|Any CPU
		{10A5BDFA-5E5E-464C-A074-5E0663F55E6F}.Debug|x64.ActiveCfg = Debug|Any CPU
		{10A5BDFA-5E5E-464C-A074-5E0663F55E6F}.Debug|x64.Build.0 = Debug|Any CPU
		{10A5BDFA-5E5E-464C-A074-5E0663F55E6F}.Debug|x86.ActiveCfg = Debug|Any CPU
		{10A5BDFA-5E5E-464C-A074-5E0663F55E6F}.Debug|x86.Build.0 = Debug|Any CPU
		{10A5BDFA-5E5E-464C-A074-5E0663F55E6F}.Release|Any CPU.ActiveCfg = Release|Any CPU
		{10A5BDFA-5E5E-464C-A074-5E0663F55E6F}.Release|Any CPU.Build.0 = Release|Any CPU
		{10A5BDFA-5E5E-464C-A074-5E0663F55E6F}.Release|x64.ActiveCfg = Release|Any CPU
		{10A5BDFA-5E5E-464C-A074-5E0663F55E6F}.Release|x64.Build.0 = Release|Any CPU
		{10A5BDFA-5E5E-464C-A074-5E0663F55E6F}.Release|x86.ActiveCfg = Release|Any CPU
		{10A5BDFA-5E5E-464C-A074-5E0663F55E6F}.Release|x86.Build.0 = Release|Any CPU
	EndGlobalSection
	GlobalSection(SolutionProperties) = preSolution
		HideSolutionNode = FALSE
	EndGlobalSection
	GlobalSection(ExtensibilityGlobals) = postSolution
		SolutionGuid = {65174DF3-FB1F-4D7F-AD5B-1F221A161363}
	EndGlobalSection
EndGlobal
