
Microsoft Visual Studio Solution File, Format Version 12.00
# Visual Studio 15
VisualStudioVersion = 15.0.28307.421
MinimumVisualStudioVersion = 10.0.40219.1
Project("{FAE04EC0-301F-11D3-BF4B-00C04F79EFBC}") = "A", "A\A.csproj", "{C7202A74-AD7C-49F6-9CA1-E4367B30422C}"
EndProject
Project("{FAE04EC0-301F-11D3-BF4B-00C04F79EFBC}") = "B", "B\B.csproj", "{92CF5750-D3B2-4DF5-B21E-D44F1FF97ABC}"
EndProject
Global
	GlobalSection(SolutionConfigurationPlatforms) = preSolution
		Debug|Any CPU = Debug|Any CPU
		Release|Any CPU = Release|Any CPU
	EndGlobalSection
	GlobalSection(ProjectConfigurationPlatforms) = postSolution
		{C7202A74-AD7C-49F6-9CA1-E4367B30422C}.Debug|Any CPU.ActiveCfg = Debug|Any CPU
		{C7202A74-AD7C-49F6-9CA1-E4367B30422C}.Debug|Any CPU.Build.0 = Debug|Any CPU
		{C7202A74-AD7C-49F6-9CA1-E4367B30422C}.Release|Any CPU.ActiveCfg = Release|Any CPU
		{C7202A74-AD7C-49F6-9CA1-E4367B30422C}.Release|Any CPU.Build.0 = Release|Any CPU
		{92CF5750-D3B2-4DF5-B21E-D44F1FF97ABC}.Debug|Any CPU.ActiveCfg = Debug|Any CPU
		{92CF5750-D3B2-4DF5-B21E-D44F1FF97ABC}.Debug|Any CPU.Build.0 = Debug|Any CPU
		{92CF5750-D3B2-4DF5-B21E-D44F1FF97ABC}.Release|Any CPU.ActiveCfg = Release|Any CPU
		{92CF5750-D3B2-4DF5-B21E-D44F1FF97ABC}.Release|Any CPU.Build.0 = Release|Any CPU
	EndGlobalSection
	GlobalSection(SolutionProperties) = preSolution
		HideSolutionNode = FALSE
	EndGlobalSection
	GlobalSection(ExtensibilityGlobals) = postSolution
		SolutionGuid = {74F5A72D-7D12-4D19-9A6F-2F1C921DA1C4}
	EndGlobalSection
EndGlobal
