
Microsoft Visual Studio Solution File, Format Version 12.00
# Visual Studio 15
VisualStudioVersion = 15.0.27703.2047
MinimumVisualStudioVersion = 10.0.40219.1
Project("{8BC9CEB8-8B4A-11D0-8D11-00A0C91BC942}") = "A_cpp", "A_cpp\A_cpp.vcxproj", "{4DECCD7C-22CE-4DB8-8540-AE266483755C}"
EndProject
Project("{8BC9CEB8-8B4A-11D0-8D11-00A0C91BC942}") = "B_cpp", "B_cpp\B_cpp.vcxproj", "{EFD91C36-8FCD-4B04-9B10-38D831D82783}"
EndProject
Project("{8BC9CEB8-8B4A-11D0-8D11-00A0C91BC942}") = "C_cpp", "C_cpp\C_cpp.vcxproj", "{089276C9-E2F7-40AD-B502-307C02311E2F}"
EndProject
Global
	GlobalSection(SolutionConfigurationPlatforms) = preSolution
		Debug|x64 = Debug|x64
		Debug|x86 = Debug|x86
		Release|x64 = Release|x64
		Release|x86 = Release|x86
	EndGlobalSection
	GlobalSection(ProjectConfigurationPlatforms) = postSolution
		{4DECCD7C-22CE-4DB8-8540-AE266483755C}.Debug|x64.ActiveCfg = Debug|x64
		{4DECCD7C-22CE-4DB8-8540-AE266483755C}.Debug|x64.Build.0 = Debug|x64
		{4DECCD7C-22CE-4DB8-8540-AE266483755C}.Debug|x86.ActiveCfg = Debug|Win32
		{4DECCD7C-22CE-4DB8-8540-AE266483755C}.Debug|x86.Build.0 = Debug|Win32
		{4DECCD7C-22CE-4DB8-8540-AE266483755C}.Release|x64.ActiveCfg = Release|x64
		{4DECCD7C-22CE-4DB8-8540-AE266483755C}.Release|x64.Build.0 = Release|x64
		{4DECCD7C-22CE-4DB8-8540-AE266483755C}.Release|x86.ActiveCfg = Release|Win32
		{4DECCD7C-22CE-4DB8-8540-AE266483755C}.Release|x86.Build.0 = Release|Win32
		{EFD91C36-8FCD-4B04-9B10-38D831D82783}.Debug|x64.ActiveCfg = Debug|x64
		{EFD91C36-8FCD-4B04-9B10-38D831D82783}.Debug|x64.Build.0 = Debug|x64
		{EFD91C36-8FCD-4B04-9B10-38D831D82783}.Debug|x86.ActiveCfg = Debug|Win32
		{EFD91C36-8FCD-4B04-9B10-38D831D82783}.Debug|x86.Build.0 = Debug|Win32
		{EFD91C36-8FCD-4B04-9B10-38D831D82783}.Release|x64.ActiveCfg = Release|x64
		{EFD91C36-8FCD-4B04-9B10-38D831D82783}.Release|x64.Build.0 = Release|x64
		{EFD91C36-8FCD-4B04-9B10-38D831D82783}.Release|x86.ActiveCfg = Release|Win32
		{EFD91C36-8FCD-4B04-9B10-38D831D82783}.Release|x86.Build.0 = Release|Win32
		{089276C9-E2F7-40AD-B502-307C02311E2F}.Debug|x64.ActiveCfg = Debug|x64
		{089276C9-E2F7-40AD-B502-307C02311E2F}.Debug|x64.Build.0 = Debug|x64
		{089276C9-E2F7-40AD-B502-307C02311E2F}.Debug|x86.ActiveCfg = Debug|Win32
		{089276C9-E2F7-40AD-B502-307C02311E2F}.Debug|x86.Build.0 = Debug|Win32
		{089276C9-E2F7-40AD-B502-307C02311E2F}.Release|x64.ActiveCfg = Release|x64
		{089276C9-E2F7-40AD-B502-307C02311E2F}.Release|x64.Build.0 = Release|x64
		{089276C9-E2F7-40AD-B502-307C02311E2F}.Release|x86.ActiveCfg = Release|Win32
		{089276C9-E2F7-40AD-B502-307C02311E2F}.Release|x86.Build.0 = Release|Win32
	EndGlobalSection
	GlobalSection(SolutionProperties) = preSolution
		HideSolutionNode = FALSE
	EndGlobalSection
	GlobalSection(ExtensibilityGlobals) = postSolution
		SolutionGuid = {1ED15000-63E1-43BB-AB1F-84E49800B9F0}
	EndGlobalSection
EndGlobal
