
Microsoft Visual Studio Solution File, Format Version 12.00
# Visual Studio 15
VisualStudioVersion = 15.0.28307.136
MinimumVisualStudioVersion = 10.0.40219.1
Project("{8BC9CEB8-8B4A-11D0-8D11-00A0C91BC942}") = "A", "A\A.vcxproj", "{9D1DB7CF-8B6A-403B-A4F4-4E70AAA80A70}"
EndProject
Project("{FAE04EC0-301F-11D3-BF4B-00C04F79EFBC}") = "B", "B\B.csproj", "{6502AAC1-705B-4C35-A185-A1924AA4316C}"
EndProject
Project("{FAE04EC0-301F-11D3-BF4B-00C04F79EFBC}") = "C", "C\C.csproj", "{38207761-38AC-4873-A166-34DF191BB43A}"
EndProject
Project("{FAE04EC0-301F-11D3-BF4B-00C04F79EFBC}") = "D", "D\D.csproj", "{D82F044A-B9BB-4915-9563-7DADE072D677}"
EndProject
Global
	GlobalSection(SolutionConfigurationPlatforms) = preSolution
		Debug|Any CPU = Debug|Any CPU
		Debug|x64 = Debug|x64
		Debug|x86 = Debug|x86
		Release|Any CPU = Release|Any CPU
		Release|x64 = Release|x64
		Release|x86 = Release|x86
	EndGlobalSection
	GlobalSection(ProjectConfigurationPlatforms) = postSolution
		{9D1DB7CF-8B6A-403B-A4F4-4E70AAA80A70}.Debug|Any CPU.ActiveCfg = Debug|Win32
		{9D1DB7CF-8B6A-403B-A4F4-4E70AAA80A70}.Debug|x64.ActiveCfg = Debug|x64
		{9D1DB7CF-8B6A-403B-A4F4-4E70AAA80A70}.Debug|x64.Build.0 = Debug|x64
		{9D1DB7CF-8B6A-403B-A4F4-4E70AAA80A70}.Debug|x86.ActiveCfg = Debug|Win32
		{9D1DB7CF-8B6A-403B-A4F4-4E70AAA80A70}.Debug|x86.Build.0 = Debug|Win32
		{9D1DB7CF-8B6A-403B-A4F4-4E70AAA80A70}.Release|Any CPU.ActiveCfg = Release|Win32
		{9D1DB7CF-8B6A-403B-A4F4-4E70AAA80A70}.Release|x64.ActiveCfg = Release|x64
		{9D1DB7CF-8B6A-403B-A4F4-4E70AAA80A70}.Release|x64.Build.0 = Release|x64
		{9D1DB7CF-8B6A-403B-A4F4-4E70AAA80A70}.Release|x86.ActiveCfg = Release|Win32
		{9D1DB7CF-8B6A-403B-A4F4-4E70AAA80A70}.Release|x86.Build.0 = Release|Win32
		{6502AAC1-705B-4C35-A185-A1924AA4316C}.Debug|Any CPU.ActiveCfg = Debug|Any CPU
		{6502AAC1-705B-4C35-A185-A1924AA4316C}.Debug|Any CPU.Build.0 = Debug|Any CPU
		{6502AAC1-705B-4C35-A185-A1924AA4316C}.Debug|x64.ActiveCfg = Debug|Any CPU
		{6502AAC1-705B-4C35-A185-A1924AA4316C}.Debug|x64.Build.0 = Debug|Any CPU
		{6502AAC1-705B-4C35-A185-A1924AA4316C}.Debug|x86.ActiveCfg = Debug|Any CPU
		{6502AAC1-705B-4C35-A185-A1924AA4316C}.Debug|x86.Build.0 = Debug|Any CPU
		{6502AAC1-705B-4C35-A185-A1924AA4316C}.Release|Any CPU.ActiveCfg = Release|Any CPU
		{6502AAC1-705B-4C35-A185-A1924AA4316C}.Release|Any CPU.Build.0 = Release|Any CPU
		{6502AAC1-705B-4C35-A185-A1924AA4316C}.Release|x64.ActiveCfg = Release|Any CPU
		{6502AAC1-705B-4C35-A185-A1924AA4316C}.Release|x64.Build.0 = Release|Any CPU
		{6502AAC1-705B-4C35-A185-A1924AA4316C}.Release|x86.ActiveCfg = Release|Any CPU
		{6502AAC1-705B-4C35-A185-A1924AA4316C}.Release|x86.Build.0 = Release|Any CPU
		{38207761-38AC-4873-A166-34DF191BB43A}.Debug|Any CPU.ActiveCfg = Debug|Any CPU
		{38207761-38AC-4873-A166-34DF191BB43A}.Debug|Any CPU.Build.0 = Debug|Any CPU
		{38207761-38AC-4873-A166-34DF191BB43A}.Debug|x64.ActiveCfg = Debug|Any CPU
		{38207761-38AC-4873-A166-34DF191BB43A}.Debug|x64.Build.0 = Debug|Any CPU
		{38207761-38AC-4873-A166-34DF191BB43A}.Debug|x86.ActiveCfg = Debug|Any CPU
		{38207761-38AC-4873-A166-34DF191BB43A}.Debug|x86.Build.0 = Debug|Any CPU
		{38207761-38AC-4873-A166-34DF191BB43A}.Release|Any CPU.ActiveCfg = Release|Any CPU
		{38207761-38AC-4873-A166-34DF191BB43A}.Release|Any CPU.Build.0 = Release|Any CPU
		{38207761-38AC-4873-A166-34DF191BB43A}.Release|x64.ActiveCfg = Release|Any CPU
		{38207761-38AC-4873-A166-34DF191BB43A}.Release|x64.Build.0 = Release|Any CPU
		{38207761-38AC-4873-A166-34DF191BB43A}.Release|x86.ActiveCfg = Release|Any CPU
		{38207761-38AC-4873-A166-34DF191BB43A}.Release|x86.Build.0 = Release|Any CPU
		{D82F044A-B9BB-4915-9563-7DADE072D677}.Debug|Any CPU.ActiveCfg = Debug|Any CPU
		{D82F044A-B9BB-4915-9563-7DADE072D677}.Debug|Any CPU.Build.0 = Debug|Any CPU
		{D82F044A-B9BB-4915-9563-7DADE072D677}.Debug|x64.ActiveCfg = Debug|Any CPU
		{D82F044A-B9BB-4915-9563-7DADE072D677}.Debug|x64.Build.0 = Debug|Any CPU
		{D82F044A-B9BB-4915-9563-7DADE072D677}.Debug|x86.ActiveCfg = Debug|Any CPU
		{D82F044A-B9BB-4915-9563-7DADE072D677}.Debug|x86.Build.0 = Debug|Any CPU
		{D82F044A-B9BB-4915-9563-7DADE072D677}.Release|Any CPU.ActiveCfg = Release|Any CPU
		{D82F044A-B9BB-4915-9563-7DADE072D677}.Release|Any CPU.Build.0 = Release|Any CPU
		{D82F044A-B9BB-4915-9563-7DADE072D677}.Release|x64.ActiveCfg = Release|Any CPU
		{D82F044A-B9BB-4915-9563-7DADE072D677}.Release|x64.Build.0 = Release|Any CPU
		{D82F044A-B9BB-4915-9563-7DADE072D677}.Release|x86.ActiveCfg = Release|Any CPU
		{D82F044A-B9BB-4915-9563-7DADE072D677}.Release|x86.Build.0 = Release|Any CPU
	EndGlobalSection
	GlobalSection(SolutionProperties) = preSolution
		HideSolutionNode = FALSE
	EndGlobalSection
	GlobalSection(ExtensibilityGlobals) = postSolution
		SolutionGuid = {195F5EEA-9662-4945-BDB6-A701B747847A}
	EndGlobalSection
EndGlobal
