
Microsoft Visual Studio Solution File, Format Version 12.00
# Visual Studio Version 16
VisualStudioVersion = 16.0.28729.10
MinimumVisualStudioVersion = 10.0.40219.1
Project("{8BC9CEB8-8B4A-11D0-8D11-00A0C91BC942}") = "cpp", "cpp\cpp.vcxproj", "{9356B9A8-25D9-4C6E-B7FD-B4348BFD69A3}"
EndProject
Project("{FAE04EC0-301F-11D3-BF4B-00C04F79EFBC}") = "CSharp", "CSharp\CSharp.csproj", "{CD3E648A-A2B1-44F2-A6CA-F8C002126BFE}"
EndProject
Global
	GlobalSection(SolutionConfigurationPlatforms) = preSolution
		Debug|Any CPU = Debug|Any CPU
		Debug|x64 = Debug|x64
		Debug|x86 = Debug|x86
		Release|Any CPU = Release|Any CPU
		Release|x64 = Release|x64
		Release|x86 = Release|x86
	EndGlobalSection
	GlobalSection(ProjectConfigurationPlatforms) = postSolution
		{9356B9A8-25D9-4C6E-B7FD-B4348BFD69A3}.Debug|Any CPU.ActiveCfg = Debug|Win32
		{9356B9A8-25D9-4C6E-B7FD-B4348BFD69A3}.Debug|x64.ActiveCfg = Debug|x64
		{9356B9A8-25D9-4C6E-B7FD-B4348BFD69A3}.Debug|x64.Build.0 = Debug|x64
		{9356B9A8-25D9-4C6E-B7FD-B4348BFD69A3}.Debug|x86.ActiveCfg = Debug|Win32
		{9356B9A8-25D9-4C6E-B7FD-B4348BFD69A3}.Debug|x86.Build.0 = Debug|Win32
		{9356B9A8-25D9-4C6E-B7FD-B4348BFD69A3}.Release|Any CPU.ActiveCfg = Release|Win32
		{9356B9A8-25D9-4C6E-B7FD-B4348BFD69A3}.Release|x64.ActiveCfg = Release|x64
		{9356B9A8-25D9-4C6E-B7FD-B4348BFD69A3}.Release|x64.Build.0 = Release|x64
		{9356B9A8-25D9-4C6E-B7FD-B4348BFD69A3}.Release|x86.ActiveCfg = Release|Win32
		{9356B9A8-25D9-4C6E-B7FD-B4348BFD69A3}.Release|x86.Build.0 = Release|Win32
		{CD3E648A-A2B1-44F2-A6CA-F8C002126BFE}.Debug|Any CPU.ActiveCfg = Debug|Any CPU
		{CD3E648A-A2B1-44F2-A6CA-F8C002126BFE}.Debug|Any CPU.Build.0 = Debug|Any CPU
		{CD3E648A-A2B1-44F2-A6CA-F8C002126BFE}.Debug|x64.ActiveCfg = Debug|Any CPU
		{CD3E648A-A2B1-44F2-A6CA-F8C002126BFE}.Debug|x64.Build.0 = Debug|Any CPU
		{CD3E648A-A2B1-44F2-A6CA-F8C002126BFE}.Debug|x86.ActiveCfg = Debug|Any CPU
		{CD3E648A-A2B1-44F2-A6CA-F8C002126BFE}.Debug|x86.Build.0 = Debug|Any CPU
		{CD3E648A-A2B1-44F2-A6CA-F8C002126BFE}.Release|Any CPU.ActiveCfg = Release|Any CPU
		{CD3E648A-A2B1-44F2-A6CA-F8C002126BFE}.Release|Any CPU.Build.0 = Release|Any CPU
		{CD3E648A-A2B1-44F2-A6CA-F8C002126BFE}.Release|x64.ActiveCfg = Release|Any CPU
		{CD3E648A-A2B1-44F2-A6CA-F8C002126BFE}.Release|x64.Build.0 = Release|Any CPU
		{CD3E648A-A2B1-44F2-A6CA-F8C002126BFE}.Release|x86.ActiveCfg = Release|Any CPU
		{CD3E648A-A2B1-44F2-A6CA-F8C002126BFE}.Release|x86.Build.0 = Release|Any CPU
	EndGlobalSection
	GlobalSection(SolutionProperties) = preSolution
		HideSolutionNode = FALSE
	EndGlobalSection
	GlobalSection(ExtensibilityGlobals) = postSolution
		SolutionGuid = {0B0D167D-D43A-48E8-9980-C5243747FCD4}
	EndGlobalSection
EndGlobal
