
Microsoft Visual Studio Solution File, Format Version 12.00
# Visual Studio 15
VisualStudioVersion = 15.0.28307.271
MinimumVisualStudioVersion = 10.0.40219.1
Project("{FAE04EC0-301F-11D3-BF4B-00C04F79EFBC}") = "Marathon-A", "Marathon-A\Marathon-A.csproj", "{E6A45AC5-B61C-4370-AA9D-106AE2B3D0FA}"
EndProject
Project("{FAE04EC0-301F-11D3-BF4B-00C04F79EFBC}") = "Marathon-B", "Marathon-B\Marathon-B.csproj", "{3F322DEF-A2F5-4B77-81D2-D7AEC8FBE3D9}"
EndProject
Global
	GlobalSection(SolutionConfigurationPlatforms) = preSolution
		Debug|Any CPU = Debug|Any CPU
		Release|Any CPU = Release|Any CPU
	EndGlobalSection
	GlobalSection(ProjectConfigurationPlatforms) = postSolution
		{E6A45AC5-B61C-4370-AA9D-106AE2B3D0FA}.Debug|Any CPU.ActiveCfg = Debug|Any CPU
		{E6A45AC5-B61C-4370-AA9D-106AE2B3D0FA}.Debug|Any CPU.Build.0 = Debug|Any CPU
		{E6A45AC5-B61C-4370-AA9D-106AE2B3D0FA}.Release|Any CPU.ActiveCfg = Release|Any CPU
		{E6A45AC5-B61C-4370-AA9D-106AE2B3D0FA}.Release|Any CPU.Build.0 = Release|Any CPU
		{3F322DEF-A2F5-4B77-81D2-D7AEC8FBE3D9}.Debug|Any CPU.ActiveCfg = Debug|Any CPU
		{3F322DEF-A2F5-4B77-81D2-D7AEC8FBE3D9}.Debug|Any CPU.Build.0 = Debug|Any CPU
		{3F322DEF-A2F5-4B77-81D2-D7AEC8FBE3D9}.Release|Any CPU.ActiveCfg = Release|Any CPU
		{3F322DEF-A2F5-4B77-81D2-D7AEC8FBE3D9}.Release|Any CPU.Build.0 = Release|Any CPU
	EndGlobalSection
	GlobalSection(SolutionProperties) = preSolution
		HideSolutionNode = FALSE
	EndGlobalSection
	GlobalSection(ExtensibilityGlobals) = postSolution
		SolutionGuid = {8FA77495-A5D1-4A3E-A305-2767F9E54AD3}
	EndGlobalSection
EndGlobal
