
Microsoft Visual Studio Solution File, Format Version 12.00
# Visual Studio 15
VisualStudioVersion = 15.0.27428.2037
MinimumVisualStudioVersion = 10.0.40219.1
Project("{FAE04EC0-301F-11D3-BF4B-00C04F79EFBC}") = "A", "A\A.csproj", "{67CD991A-B860-4810-B1C1-A3AE2D3951D8}"
EndProject
Project("{FAE04EC0-301F-11D3-BF4B-00C04F79EFBC}") = "B", "B\B.csproj", "{2C8A8438-2825-4D65-AD05-245015BE3C88}"
EndProject
Project("{FAE04EC0-301F-11D3-BF4B-00C04F79EFBC}") = "C", "C\C.csproj", "{0E75920D-ED89-4248-B962-D9A1E0C9D0DF}"
EndProject
Project("{FAE04EC0-301F-11D3-BF4B-00C04F79EFBC}") = "CTests", "CTests\CTests.csproj", "{F2410500-1B65-4B99-873D-6CF9C36D14A9}"
EndProject
Global
	GlobalSection(SolutionConfigurationPlatforms) = preSolution
		Debug|Any CPU = Debug|Any CPU
		Release|Any CPU = Release|Any CPU
	EndGlobalSection
	GlobalSection(ProjectConfigurationPlatforms) = postSolution
		{67CD991A-B860-4810-B1C1-A3AE2D3951D8}.Debug|Any CPU.ActiveCfg = Debug|Any CPU
		{67CD991A-B860-4810-B1C1-A3AE2D3951D8}.Debug|Any CPU.Build.0 = Debug|Any CPU
		{67CD991A-B860-4810-B1C1-A3AE2D3951D8}.Release|Any CPU.ActiveCfg = Release|Any CPU
		{67CD991A-B860-4810-B1C1-A3AE2D3951D8}.Release|Any CPU.Build.0 = Release|Any CPU
		{2C8A8438-2825-4D65-AD05-245015BE3C88}.Debug|Any CPU.ActiveCfg = Debug|Any CPU
		{2C8A8438-2825-4D65-AD05-245015BE3C88}.Debug|Any CPU.Build.0 = Debug|Any CPU
		{2C8A8438-2825-4D65-AD05-245015BE3C88}.Release|Any CPU.ActiveCfg = Release|Any CPU
		{2C8A8438-2825-4D65-AD05-245015BE3C88}.Release|Any CPU.Build.0 = Release|Any CPU
		{0E75920D-ED89-4248-B962-D9A1E0C9D0DF}.Debug|Any CPU.ActiveCfg = Debug|Any CPU
		{0E75920D-ED89-4248-B962-D9A1E0C9D0DF}.Debug|Any CPU.Build.0 = Debug|Any CPU
		{0E75920D-ED89-4248-B962-D9A1E0C9D0DF}.Release|Any CPU.ActiveCfg = Release|Any CPU
		{0E75920D-ED89-4248-B962-D9A1E0C9D0DF}.Release|Any CPU.Build.0 = Release|Any CPU
		{F2410500-1B65-4B99-873D-6CF9C36D14A9}.Debug|Any CPU.ActiveCfg = Debug|Any CPU
		{F2410500-1B65-4B99-873D-6CF9C36D14A9}.Debug|Any CPU.Build.0 = Debug|Any CPU
		{F2410500-1B65-4B99-873D-6CF9C36D14A9}.Release|Any CPU.ActiveCfg = Release|Any CPU
		{F2410500-1B65-4B99-873D-6CF9C36D14A9}.Release|Any CPU.Build.0 = Release|Any CPU
	EndGlobalSection
	GlobalSection(SolutionProperties) = preSolution
		HideSolutionNode = FALSE
	EndGlobalSection
	GlobalSection(ExtensibilityGlobals) = postSolution
		SolutionGuid = {9BAE53A2-925B-46AA-A9EB-423F06C7C124}
	EndGlobalSection
EndGlobal
