
Microsoft Visual Studio Solution File, Format Version 12.00
# Visual Studio 15
VisualStudioVersion = 15.0.27428.2005
MinimumVisualStudioVersion = 10.0.40219.1
Project("{FAE04EC0-301F-11D3-BF4B-00C04F79EFBC}") = "A", "A\A.csproj", "{EF188E14-3433-4A22-8DEE-15771B2FC34F}"
EndProject
Project("{FAE04EC0-301F-11D3-BF4B-00C04F79EFBC}") = "B", "B\B.csproj", "{044347E5-23A0-4801-80F1-E3DF46557BE5}"
EndProject
Project("{FAE04EC0-301F-11D3-BF4B-00C04F79EFBC}") = "C", "C\C.csproj", "{AD3FD088-E6FA-478C-A97A-D464027EE616}"
EndProject
Project("{8BC9CEB8-8B4A-11D0-8D11-00A0C91BC942}") = "C_CPP", "C_CPP\C_CPP.vcxproj", "{86B2C28A-2F83-4891-BA60-889F399737AF}"
EndProject
Global
	GlobalSection(SolutionConfigurationPlatforms) = preSolution
		Debug|Any CPU = Debug|Any CPU
		Debug|x64 = Debug|x64
		Debug|x86 = Debug|x86
		Release|Any CPU = Release|Any CPU
		Release|x64 = Release|x64
		Release|x86 = Release|x86
	EndGlobalSection
	GlobalSection(ProjectConfigurationPlatforms) = postSolution
		{EF188E14-3433-4A22-8DEE-15771B2FC34F}.Debug|Any CPU.ActiveCfg = Debug|Any CPU
		{EF188E14-3433-4A22-8DEE-15771B2FC34F}.Debug|Any CPU.Build.0 = Debug|Any CPU
		{EF188E14-3433-4A22-8DEE-15771B2FC34F}.Debug|x64.ActiveCfg = Debug|Any CPU
		{EF188E14-3433-4A22-8DEE-15771B2FC34F}.Debug|x64.Build.0 = Debug|Any CPU
		{EF188E14-3433-4A22-8DEE-15771B2FC34F}.Debug|x86.ActiveCfg = Debug|Any CPU
		{EF188E14-3433-4A22-8DEE-15771B2FC34F}.Debug|x86.Build.0 = Debug|Any CPU
		{EF188E14-3433-4A22-8DEE-15771B2FC34F}.Release|Any CPU.ActiveCfg = Release|Any CPU
		{EF188E14-3433-4A22-8DEE-15771B2FC34F}.Release|Any CPU.Build.0 = Release|Any CPU
		{EF188E14-3433-4A22-8DEE-15771B2FC34F}.Release|x64.ActiveCfg = Release|Any CPU
		{EF188E14-3433-4A22-8DEE-15771B2FC34F}.Release|x64.Build.0 = Release|Any CPU
		{EF188E14-3433-4A22-8DEE-15771B2FC34F}.Release|x86.ActiveCfg = Release|Any CPU
		{EF188E14-3433-4A22-8DEE-15771B2FC34F}.Release|x86.Build.0 = Release|Any CPU
		{044347E5-23A0-4801-80F1-E3DF46557BE5}.Debug|Any CPU.ActiveCfg = Debug|Any CPU
		{044347E5-23A0-4801-80F1-E3DF46557BE5}.Debug|Any CPU.Build.0 = Debug|Any CPU
		{044347E5-23A0-4801-80F1-E3DF46557BE5}.Debug|x64.ActiveCfg = Debug|Any CPU
		{044347E5-23A0-4801-80F1-E3DF46557BE5}.Debug|x64.Build.0 = Debug|Any CPU
		{044347E5-23A0-4801-80F1-E3DF46557BE5}.Debug|x86.ActiveCfg = Debug|Any CPU
		{044347E5-23A0-4801-80F1-E3DF46557BE5}.Debug|x86.Build.0 = Debug|Any CPU
		{044347E5-23A0-4801-80F1-E3DF46557BE5}.Release|Any CPU.ActiveCfg = Release|Any CPU
		{044347E5-23A0-4801-80F1-E3DF46557BE5}.Release|Any CPU.Build.0 = Release|Any CPU
		{044347E5-23A0-4801-80F1-E3DF46557BE5}.Release|x64.ActiveCfg = Release|Any CPU
		{044347E5-23A0-4801-80F1-E3DF46557BE5}.Release|x64.Build.0 = Release|Any CPU
		{044347E5-23A0-4801-80F1-E3DF46557BE5}.Release|x86.ActiveCfg = Release|Any CPU
		{044347E5-23A0-4801-80F1-E3DF46557BE5}.Release|x86.Build.0 = Release|Any CPU
		{AD3FD088-E6FA-478C-A97A-D464027EE616}.Debug|Any CPU.ActiveCfg = Debug|Any CPU
		{AD3FD088-E6FA-478C-A97A-D464027EE616}.Debug|Any CPU.Build.0 = Debug|Any CPU
		{AD3FD088-E6FA-478C-A97A-D464027EE616}.Debug|x64.ActiveCfg = Debug|Any CPU
		{AD3FD088-E6FA-478C-A97A-D464027EE616}.Debug|x64.Build.0 = Debug|Any CPU
		{AD3FD088-E6FA-478C-A97A-D464027EE616}.Debug|x86.ActiveCfg = Debug|Any CPU
		{AD3FD088-E6FA-478C-A97A-D464027EE616}.Debug|x86.Build.0 = Debug|Any CPU
		{AD3FD088-E6FA-478C-A97A-D464027EE616}.Release|Any CPU.ActiveCfg = Release|Any CPU
		{AD3FD088-E6FA-478C-A97A-D464027EE616}.Release|Any CPU.Build.0 = Release|Any CPU
		{AD3FD088-E6FA-478C-A97A-D464027EE616}.Release|x64.ActiveCfg = Release|Any CPU
		{AD3FD088-E6FA-478C-A97A-D464027EE616}.Release|x64.Build.0 = Release|Any CPU
		{AD3FD088-E6FA-478C-A97A-D464027EE616}.Release|x86.ActiveCfg = Release|Any CPU
		{AD3FD088-E6FA-478C-A97A-D464027EE616}.Release|x86.Build.0 = Release|Any CPU
		{86B2C28A-2F83-4891-BA60-889F399737AF}.Debug|Any CPU.ActiveCfg = Debug|Win32
		{86B2C28A-2F83-4891-BA60-889F399737AF}.Debug|x64.ActiveCfg = Debug|x64
		{86B2C28A-2F83-4891-BA60-889F399737AF}.Debug|x64.Build.0 = Debug|x64
		{86B2C28A-2F83-4891-BA60-889F399737AF}.Debug|x86.ActiveCfg = Debug|Win32
		{86B2C28A-2F83-4891-BA60-889F399737AF}.Debug|x86.Build.0 = Debug|Win32
		{86B2C28A-2F83-4891-BA60-889F399737AF}.Release|Any CPU.ActiveCfg = Release|Win32
		{86B2C28A-2F83-4891-BA60-889F399737AF}.Release|x64.ActiveCfg = Release|x64
		{86B2C28A-2F83-4891-BA60-889F399737AF}.Release|x64.Build.0 = Release|x64
		{86B2C28A-2F83-4891-BA60-889F399737AF}.Release|x86.ActiveCfg = Release|Win32
		{86B2C28A-2F83-4891-BA60-889F399737AF}.Release|x86.Build.0 = Release|Win32
	EndGlobalSection
	GlobalSection(SolutionProperties) = preSolution
		HideSolutionNode = FALSE
	EndGlobalSection
	GlobalSection(ExtensibilityGlobals) = postSolution
		SolutionGuid = {5CDAF273-0E45-478C-B8FF-6D97A0424E47}
	EndGlobalSection
EndGlobal
