
Microsoft Visual Studio Solution File, Format Version 12.00
# Visual Studio 15
VisualStudioVersion = 15.0.27428.2005
MinimumVisualStudioVersion = 10.0.40219.1
Project("{FAE04EC0-301F-11D3-BF4B-00C04F79EFBC}") = "A", "A\A.csproj", "{7B16F1DC-2D39-48AA-8B84-B361CD4A2C19}"
EndProject
Project("{FAE04EC0-301F-11D3-BF4B-00C04F79EFBC}") = "B", "B\B.csproj", "{B41132C9-1ADF-4D46-A979-AC2BD2FB2DDE}"
EndProject
Project("{FAE04EC0-301F-11D3-BF4B-00C04F79EFBC}") = "C", "C\C.csproj", "{E65278A9-34EB-43D0-A37D-B83DC0DDCDFA}"
EndProject
Project("{FAE04EC0-301F-11D3-BF4B-00C04F79EFBC}") = "D", "D\D.csproj", "{3DE217DB-4EFA-4C4A-AF03-6FE811A3EA42}"
EndProject
Project("{FAE04EC0-301F-11D3-BF4B-00C04F79EFBC}") = "CTests", "CTests\CTests.csproj", "{E5C2092C-5FDF-424A-A3F2-7466070A41A2}"
EndProject
Global
	GlobalSection(SolutionConfigurationPlatforms) = preSolution
		Debug|Any CPU = Debug|Any CPU
		Release|Any CPU = Release|Any CPU
	EndGlobalSection
	GlobalSection(ProjectConfigurationPlatforms) = postSolution
		{7B16F1DC-2D39-48AA-8B84-B361CD4A2C19}.Debug|Any CPU.ActiveCfg = Debug|Any CPU
		{7B16F1DC-2D39-48AA-8B84-B361CD4A2C19}.Debug|Any CPU.Build.0 = Debug|Any CPU
		{7B16F1DC-2D39-48AA-8B84-B361CD4A2C19}.Release|Any CPU.ActiveCfg = Release|Any CPU
		{7B16F1DC-2D39-48AA-8B84-B361CD4A2C19}.Release|Any CPU.Build.0 = Release|Any CPU
		{B41132C9-1ADF-4D46-A979-AC2BD2FB2DDE}.Debug|Any CPU.ActiveCfg = Debug|Any CPU
		{B41132C9-1ADF-4D46-A979-AC2BD2FB2DDE}.Debug|Any CPU.Build.0 = Debug|Any CPU
		{B41132C9-1ADF-4D46-A979-AC2BD2FB2DDE}.Release|Any CPU.ActiveCfg = Release|Any CPU
		{B41132C9-1ADF-4D46-A979-AC2BD2FB2DDE}.Release|Any CPU.Build.0 = Release|Any CPU
		{E65278A9-34EB-43D0-A37D-B83DC0DDCDFA}.Debug|Any CPU.ActiveCfg = Debug|Any CPU
		{E65278A9-34EB-43D0-A37D-B83DC0DDCDFA}.Debug|Any CPU.Build.0 = Debug|Any CPU
		{E65278A9-34EB-43D0-A37D-B83DC0DDCDFA}.Release|Any CPU.ActiveCfg = Release|Any CPU
		{E65278A9-34EB-43D0-A37D-B83DC0DDCDFA}.Release|Any CPU.Build.0 = Release|Any CPU
		{3DE217DB-4EFA-4C4A-AF03-6FE811A3EA42}.Debug|Any CPU.ActiveCfg = Debug|Any CPU
		{3DE217DB-4EFA-4C4A-AF03-6FE811A3EA42}.Debug|Any CPU.Build.0 = Debug|Any CPU
		{3DE217DB-4EFA-4C4A-AF03-6FE811A3EA42}.Release|Any CPU.ActiveCfg = Release|Any CPU
		{3DE217DB-4EFA-4C4A-AF03-6FE811A3EA42}.Release|Any CPU.Build.0 = Release|Any CPU
		{E5C2092C-5FDF-424A-A3F2-7466070A41A2}.Debug|Any CPU.ActiveCfg = Debug|Any CPU
		{E5C2092C-5FDF-424A-A3F2-7466070A41A2}.Debug|Any CPU.Build.0 = Debug|Any CPU
		{E5C2092C-5FDF-424A-A3F2-7466070A41A2}.Release|Any CPU.ActiveCfg = Release|Any CPU
		{E5C2092C-5FDF-424A-A3F2-7466070A41A2}.Release|Any CPU.Build.0 = Release|Any CPU
	EndGlobalSection
	GlobalSection(SolutionProperties) = preSolution
		HideSolutionNode = FALSE
	EndGlobalSection
	GlobalSection(ExtensibilityGlobals) = postSolution
		SolutionGuid = {1DFBF1B6-5C69-46E5-8419-E968FEAE9D43}
	EndGlobalSection
EndGlobal
