
Microsoft Visual Studio Solution File, Format Version 12.00
# Visual Studio 15
VisualStudioVersion = 15.0.27428.1
MinimumVisualStudioVersion = 10.0.40219.1
Project("{2150E333-8FDC-42A3-9474-1A3956D46DE8}") = "C - Flip,Flip, and Flip......", "C - Flip,Flip, and Flip......", "{49E34A4C-837E-4DEC-84D2-2B7B0F2E2C9F}"
EndProject
Project("{FAE04EC0-301F-11D3-BF4B-00C04F79EFBC}") = "C", "C\C.csproj", "{7EA62E2A-DC7F-40A7-B704-0B4537565124}"
EndProject
Project("{FAE04EC0-301F-11D3-BF4B-00C04F79EFBC}") = "CTests", "CTests\CTests.csproj", "{8B472F57-619C-439B-B40A-E00C46ECCE0D}"
EndProject
Global
	GlobalSection(SolutionConfigurationPlatforms) = preSolution
		Debug|Any CPU = Debug|Any CPU
		Release|Any CPU = Release|Any CPU
	EndGlobalSection
	GlobalSection(ProjectConfigurationPlatforms) = postSolution
		{7EA62E2A-DC7F-40A7-B704-0B4537565124}.Debug|Any CPU.ActiveCfg = Debug|Any CPU
		{7EA62E2A-DC7F-40A7-B704-0B4537565124}.Debug|Any CPU.Build.0 = Debug|Any CPU
		{7EA62E2A-DC7F-40A7-B704-0B4537565124}.Release|Any CPU.ActiveCfg = Release|Any CPU
		{7EA62E2A-DC7F-40A7-B704-0B4537565124}.Release|Any CPU.Build.0 = Release|Any CPU
		{8B472F57-619C-439B-B40A-E00C46ECCE0D}.Debug|Any CPU.ActiveCfg = Debug|Any CPU
		{8B472F57-619C-439B-B40A-E00C46ECCE0D}.Debug|Any CPU.Build.0 = Debug|Any CPU
		{8B472F57-619C-439B-B40A-E00C46ECCE0D}.Release|Any CPU.ActiveCfg = Release|Any CPU
		{8B472F57-619C-439B-B40A-E00C46ECCE0D}.Release|Any CPU.Build.0 = Release|Any CPU
	EndGlobalSection
	GlobalSection(SolutionProperties) = preSolution
		HideSolutionNode = FALSE
	EndGlobalSection
	GlobalSection(NestedProjects) = preSolution
		{7EA62E2A-DC7F-40A7-B704-0B4537565124} = {49E34A4C-837E-4DEC-84D2-2B7B0F2E2C9F}
	EndGlobalSection
	GlobalSection(ExtensibilityGlobals) = postSolution
		SolutionGuid = {FE9E9E0B-1256-4AC3-AB69-D95776A76050}
	EndGlobalSection
EndGlobal
