
Microsoft Visual Studio Solution File, Format Version 12.00
# Visual Studio 15
VisualStudioVersion = 15.0.28010.2036
MinimumVisualStudioVersion = 10.0.40219.1
Project("{FAE04EC0-301F-11D3-BF4B-00C04F79EFBC}") = "D_cs", "D_cs\D_cs.csproj", "{EEF97B01-3CA1-492E-8F1C-1FE565AA781D}"
EndProject
Project("{FAE04EC0-301F-11D3-BF4B-00C04F79EFBC}") = "D_Sample", "D_Sample\D_Sample.csproj", "{4F44198D-F177-4F7A-82FC-A3AB891079C9}"
EndProject
Project("{8BC9CEB8-8B4A-11D0-8D11-00A0C91BC942}") = "A_cpp", "A_cpp\A_cpp.vcxproj", "{EB606754-9BCC-4EDE-ACF2-63DE80588F7A}"
EndProject
Project("{8BC9CEB8-8B4A-11D0-8D11-00A0C91BC942}") = "B_cpp", "B_cpp\B_cpp.vcxproj", "{4C8519C6-DB84-451B-8CD3-9A5DCBC17E25}"
EndProject
Global
	GlobalSection(SolutionConfigurationPlatforms) = preSolution
		Debug|Any CPU = Debug|Any CPU
		Debug|x64 = Debug|x64
		Debug|x86 = Debug|x86
		Release|Any CPU = Release|Any CPU
		Release|x64 = Release|x64
		Release|x86 = Release|x86
	EndGlobalSection
	GlobalSection(ProjectConfigurationPlatforms) = postSolution
		{EEF97B01-3CA1-492E-8F1C-1FE565AA781D}.Debug|Any CPU.ActiveCfg = Debug|Any CPU
		{EEF97B01-3CA1-492E-8F1C-1FE565AA781D}.Debug|Any CPU.Build.0 = Debug|Any CPU
		{EEF97B01-3CA1-492E-8F1C-1FE565AA781D}.Debug|x64.ActiveCfg = Debug|Any CPU
		{EEF97B01-3CA1-492E-8F1C-1FE565AA781D}.Debug|x64.Build.0 = Debug|Any CPU
		{EEF97B01-3CA1-492E-8F1C-1FE565AA781D}.Debug|x86.ActiveCfg = Debug|Any CPU
		{EEF97B01-3CA1-492E-8F1C-1FE565AA781D}.Debug|x86.Build.0 = Debug|Any CPU
		{EEF97B01-3CA1-492E-8F1C-1FE565AA781D}.Release|Any CPU.ActiveCfg = Release|Any CPU
		{EEF97B01-3CA1-492E-8F1C-1FE565AA781D}.Release|Any CPU.Build.0 = Release|Any CPU
		{EEF97B01-3CA1-492E-8F1C-1FE565AA781D}.Release|x64.ActiveCfg = Release|Any CPU
		{EEF97B01-3CA1-492E-8F1C-1FE565AA781D}.Release|x64.Build.0 = Release|Any CPU
		{EEF97B01-3CA1-492E-8F1C-1FE565AA781D}.Release|x86.ActiveCfg = Release|Any CPU
		{EEF97B01-3CA1-492E-8F1C-1FE565AA781D}.Release|x86.Build.0 = Release|Any CPU
		{4F44198D-F177-4F7A-82FC-A3AB891079C9}.Debug|Any CPU.ActiveCfg = Debug|Any CPU
		{4F44198D-F177-4F7A-82FC-A3AB891079C9}.Debug|Any CPU.Build.0 = Debug|Any CPU
		{4F44198D-F177-4F7A-82FC-A3AB891079C9}.Debug|x64.ActiveCfg = Debug|Any CPU
		{4F44198D-F177-4F7A-82FC-A3AB891079C9}.Debug|x64.Build.0 = Debug|Any CPU
		{4F44198D-F177-4F7A-82FC-A3AB891079C9}.Debug|x86.ActiveCfg = Debug|Any CPU
		{4F44198D-F177-4F7A-82FC-A3AB891079C9}.Debug|x86.Build.0 = Debug|Any CPU
		{4F44198D-F177-4F7A-82FC-A3AB891079C9}.Release|Any CPU.ActiveCfg = Release|Any CPU
		{4F44198D-F177-4F7A-82FC-A3AB891079C9}.Release|Any CPU.Build.0 = Release|Any CPU
		{4F44198D-F177-4F7A-82FC-A3AB891079C9}.Release|x64.ActiveCfg = Release|Any CPU
		{4F44198D-F177-4F7A-82FC-A3AB891079C9}.Release|x64.Build.0 = Release|Any CPU
		{4F44198D-F177-4F7A-82FC-A3AB891079C9}.Release|x86.ActiveCfg = Release|Any CPU
		{4F44198D-F177-4F7A-82FC-A3AB891079C9}.Release|x86.Build.0 = Release|Any CPU
		{EB606754-9BCC-4EDE-ACF2-63DE80588F7A}.Debug|Any CPU.ActiveCfg = Debug|Win32
		{EB606754-9BCC-4EDE-ACF2-63DE80588F7A}.Debug|x64.ActiveCfg = Debug|x64
		{EB606754-9BCC-4EDE-ACF2-63DE80588F7A}.Debug|x64.Build.0 = Debug|x64
		{EB606754-9BCC-4EDE-ACF2-63DE80588F7A}.Debug|x86.ActiveCfg = Debug|Win32
		{EB606754-9BCC-4EDE-ACF2-63DE80588F7A}.Debug|x86.Build.0 = Debug|Win32
		{EB606754-9BCC-4EDE-ACF2-63DE80588F7A}.Release|Any CPU.ActiveCfg = Release|Win32
		{EB606754-9BCC-4EDE-ACF2-63DE80588F7A}.Release|x64.ActiveCfg = Release|x64
		{EB606754-9BCC-4EDE-ACF2-63DE80588F7A}.Release|x64.Build.0 = Release|x64
		{EB606754-9BCC-4EDE-ACF2-63DE80588F7A}.Release|x86.ActiveCfg = Release|Win32
		{EB606754-9BCC-4EDE-ACF2-63DE80588F7A}.Release|x86.Build.0 = Release|Win32
		{4C8519C6-DB84-451B-8CD3-9A5DCBC17E25}.Debug|Any CPU.ActiveCfg = Debug|Win32
		{4C8519C6-DB84-451B-8CD3-9A5DCBC17E25}.Debug|x64.ActiveCfg = Debug|x64
		{4C8519C6-DB84-451B-8CD3-9A5DCBC17E25}.Debug|x64.Build.0 = Debug|x64
		{4C8519C6-DB84-451B-8CD3-9A5DCBC17E25}.Debug|x86.ActiveCfg = Debug|Win32
		{4C8519C6-DB84-451B-8CD3-9A5DCBC17E25}.Debug|x86.Build.0 = Debug|Win32
		{4C8519C6-DB84-451B-8CD3-9A5DCBC17E25}.Release|Any CPU.ActiveCfg = Release|Win32
		{4C8519C6-DB84-451B-8CD3-9A5DCBC17E25}.Release|x64.ActiveCfg = Release|x64
		{4C8519C6-DB84-451B-8CD3-9A5DCBC17E25}.Release|x64.Build.0 = Release|x64
		{4C8519C6-DB84-451B-8CD3-9A5DCBC17E25}.Release|x86.ActiveCfg = Release|Win32
		{4C8519C6-DB84-451B-8CD3-9A5DCBC17E25}.Release|x86.Build.0 = Release|Win32
	EndGlobalSection
	GlobalSection(SolutionProperties) = preSolution
		HideSolutionNode = FALSE
	EndGlobalSection
	GlobalSection(ExtensibilityGlobals) = postSolution
		SolutionGuid = {9CA27161-72BA-49DE-9F36-251034AE7F9C}
	EndGlobalSection
EndGlobal
