
Microsoft Visual Studio Solution File, Format Version 12.00
# Visual Studio 15
VisualStudioVersion = 15.0.28010.2036
MinimumVisualStudioVersion = 10.0.40219.1
Project("{8BC9CEB8-8B4A-11D0-8D11-00A0C91BC942}") = "A_cpp", "A_cpp\A_cpp.vcxproj", "{C77CC966-C62F-4C9C-8F54-E1E0B3337A19}"
EndProject
Project("{8BC9CEB8-8B4A-11D0-8D11-00A0C91BC942}") = "B_cpp", "B_cpp\B_cpp.vcxproj", "{1D15E03E-2858-4FE2-8490-83736FCD5939}"
EndProject
Project("{8BC9CEB8-8B4A-11D0-8D11-00A0C91BC942}") = "C_cpp", "C_cpp\C_cpp.vcxproj", "{95BD07B5-E102-4AF2-B307-679D87E6D3A2}"
EndProject
Project("{8BC9CEB8-8B4A-11D0-8D11-00A0C91BC942}") = "D_cpp", "D_cpp\D_cpp.vcxproj", "{0B64497E-46B7-4C06-B103-4218E37A4587}"
EndProject
Global
	GlobalSection(SolutionConfigurationPlatforms) = preSolution
		Debug|x64 = Debug|x64
		Debug|x86 = Debug|x86
		Release|x64 = Release|x64
		Release|x86 = Release|x86
	EndGlobalSection
	GlobalSection(ProjectConfigurationPlatforms) = postSolution
		{C77CC966-C62F-4C9C-8F54-E1E0B3337A19}.Debug|x64.ActiveCfg = Debug|x64
		{C77CC966-C62F-4C9C-8F54-E1E0B3337A19}.Debug|x64.Build.0 = Debug|x64
		{C77CC966-C62F-4C9C-8F54-E1E0B3337A19}.Debug|x86.ActiveCfg = Debug|Win32
		{C77CC966-C62F-4C9C-8F54-E1E0B3337A19}.Debug|x86.Build.0 = Debug|Win32
		{C77CC966-C62F-4C9C-8F54-E1E0B3337A19}.Release|x64.ActiveCfg = Release|x64
		{C77CC966-C62F-4C9C-8F54-E1E0B3337A19}.Release|x64.Build.0 = Release|x64
		{C77CC966-C62F-4C9C-8F54-E1E0B3337A19}.Release|x86.ActiveCfg = Release|Win32
		{C77CC966-C62F-4C9C-8F54-E1E0B3337A19}.Release|x86.Build.0 = Release|Win32
		{1D15E03E-2858-4FE2-8490-83736FCD5939}.Debug|x64.ActiveCfg = Debug|x64
		{1D15E03E-2858-4FE2-8490-83736FCD5939}.Debug|x64.Build.0 = Debug|x64
		{1D15E03E-2858-4FE2-8490-83736FCD5939}.Debug|x86.ActiveCfg = Debug|Win32
		{1D15E03E-2858-4FE2-8490-83736FCD5939}.Debug|x86.Build.0 = Debug|Win32
		{1D15E03E-2858-4FE2-8490-83736FCD5939}.Release|x64.ActiveCfg = Release|x64
		{1D15E03E-2858-4FE2-8490-83736FCD5939}.Release|x64.Build.0 = Release|x64
		{1D15E03E-2858-4FE2-8490-83736FCD5939}.Release|x86.ActiveCfg = Release|Win32
		{1D15E03E-2858-4FE2-8490-83736FCD5939}.Release|x86.Build.0 = Release|Win32
		{95BD07B5-E102-4AF2-B307-679D87E6D3A2}.Debug|x64.ActiveCfg = Debug|x64
		{95BD07B5-E102-4AF2-B307-679D87E6D3A2}.Debug|x64.Build.0 = Debug|x64
		{95BD07B5-E102-4AF2-B307-679D87E6D3A2}.Debug|x86.ActiveCfg = Debug|Win32
		{95BD07B5-E102-4AF2-B307-679D87E6D3A2}.Debug|x86.Build.0 = Debug|Win32
		{95BD07B5-E102-4AF2-B307-679D87E6D3A2}.Release|x64.ActiveCfg = Release|x64
		{95BD07B5-E102-4AF2-B307-679D87E6D3A2}.Release|x64.Build.0 = Release|x64
		{95BD07B5-E102-4AF2-B307-679D87E6D3A2}.Release|x86.ActiveCfg = Release|Win32
		{95BD07B5-E102-4AF2-B307-679D87E6D3A2}.Release|x86.Build.0 = Release|Win32
		{0B64497E-46B7-4C06-B103-4218E37A4587}.Debug|x64.ActiveCfg = Debug|x64
		{0B64497E-46B7-4C06-B103-4218E37A4587}.Debug|x64.Build.0 = Debug|x64
		{0B64497E-46B7-4C06-B103-4218E37A4587}.Debug|x86.ActiveCfg = Debug|Win32
		{0B64497E-46B7-4C06-B103-4218E37A4587}.Debug|x86.Build.0 = Debug|Win32
		{0B64497E-46B7-4C06-B103-4218E37A4587}.Release|x64.ActiveCfg = Release|x64
		{0B64497E-46B7-4C06-B103-4218E37A4587}.Release|x64.Build.0 = Release|x64
		{0B64497E-46B7-4C06-B103-4218E37A4587}.Release|x86.ActiveCfg = Release|Win32
		{0B64497E-46B7-4C06-B103-4218E37A4587}.Release|x86.Build.0 = Release|Win32
	EndGlobalSection
	GlobalSection(SolutionProperties) = preSolution
		HideSolutionNode = FALSE
	EndGlobalSection
	GlobalSection(ExtensibilityGlobals) = postSolution
		SolutionGuid = {A89C9F05-BB3B-489D-A11E-F020AD29C5C8}
	EndGlobalSection
EndGlobal
