
Microsoft Visual Studio Solution File, Format Version 12.00
# Visual Studio 15
VisualStudioVersion = 15.0.28307.136
MinimumVisualStudioVersion = 10.0.40219.1
Project("{8BC9CEB8-8B4A-11D0-8D11-00A0C91BC942}") = "A", "A\A.vcxproj", "{DC56E3C9-770D-4044-BC03-0C86BF39BDAC}"
EndProject
Project("{FAE04EC0-301F-11D3-BF4B-00C04F79EFBC}") = "B", "B\B.csproj", "{49E32FFD-35EC-4B41-910B-2678EE59A549}"
EndProject
Project("{FAE04EC0-301F-11D3-BF4B-00C04F79EFBC}") = "C", "C\C.csproj", "{C4EA981C-585B-4B09-A2FF-58B351259DF5}"
EndProject
Project("{FAE04EC0-301F-11D3-BF4B-00C04F79EFBC}") = "D", "D\D.csproj", "{5D5E334A-C3CF-4A5E-AB97-641C9F992AD9}"
EndProject
Global
	GlobalSection(SolutionConfigurationPlatforms) = preSolution
		Debug|Any CPU = Debug|Any CPU
		Debug|x64 = Debug|x64
		Debug|x86 = Debug|x86
		Release|Any CPU = Release|Any CPU
		Release|x64 = Release|x64
		Release|x86 = Release|x86
	EndGlobalSection
	GlobalSection(ProjectConfigurationPlatforms) = postSolution
		{DC56E3C9-770D-4044-BC03-0C86BF39BDAC}.Debug|Any CPU.ActiveCfg = Debug|Win32
		{DC56E3C9-770D-4044-BC03-0C86BF39BDAC}.Debug|x64.ActiveCfg = Debug|x64
		{DC56E3C9-770D-4044-BC03-0C86BF39BDAC}.Debug|x64.Build.0 = Debug|x64
		{DC56E3C9-770D-4044-BC03-0C86BF39BDAC}.Debug|x86.ActiveCfg = Debug|Win32
		{DC56E3C9-770D-4044-BC03-0C86BF39BDAC}.Debug|x86.Build.0 = Debug|Win32
		{DC56E3C9-770D-4044-BC03-0C86BF39BDAC}.Release|Any CPU.ActiveCfg = Release|Win32
		{DC56E3C9-770D-4044-BC03-0C86BF39BDAC}.Release|x64.ActiveCfg = Release|x64
		{DC56E3C9-770D-4044-BC03-0C86BF39BDAC}.Release|x64.Build.0 = Release|x64
		{DC56E3C9-770D-4044-BC03-0C86BF39BDAC}.Release|x86.ActiveCfg = Release|Win32
		{DC56E3C9-770D-4044-BC03-0C86BF39BDAC}.Release|x86.Build.0 = Release|Win32
		{49E32FFD-35EC-4B41-910B-2678EE59A549}.Debug|Any CPU.ActiveCfg = Debug|Any CPU
		{49E32FFD-35EC-4B41-910B-2678EE59A549}.Debug|Any CPU.Build.0 = Debug|Any CPU
		{49E32FFD-35EC-4B41-910B-2678EE59A549}.Debug|x64.ActiveCfg = Debug|Any CPU
		{49E32FFD-35EC-4B41-910B-2678EE59A549}.Debug|x64.Build.0 = Debug|Any CPU
		{49E32FFD-35EC-4B41-910B-2678EE59A549}.Debug|x86.ActiveCfg = Debug|Any CPU
		{49E32FFD-35EC-4B41-910B-2678EE59A549}.Debug|x86.Build.0 = Debug|Any CPU
		{49E32FFD-35EC-4B41-910B-2678EE59A549}.Release|Any CPU.ActiveCfg = Release|Any CPU
		{49E32FFD-35EC-4B41-910B-2678EE59A549}.Release|Any CPU.Build.0 = Release|Any CPU
		{49E32FFD-35EC-4B41-910B-2678EE59A549}.Release|x64.ActiveCfg = Release|Any CPU
		{49E32FFD-35EC-4B41-910B-2678EE59A549}.Release|x64.Build.0 = Release|Any CPU
		{49E32FFD-35EC-4B41-910B-2678EE59A549}.Release|x86.ActiveCfg = Release|Any CPU
		{49E32FFD-35EC-4B41-910B-2678EE59A549}.Release|x86.Build.0 = Release|Any CPU
		{C4EA981C-585B-4B09-A2FF-58B351259DF5}.Debug|Any CPU.ActiveCfg = Debug|Any CPU
		{C4EA981C-585B-4B09-A2FF-58B351259DF5}.Debug|Any CPU.Build.0 = Debug|Any CPU
		{C4EA981C-585B-4B09-A2FF-58B351259DF5}.Debug|x64.ActiveCfg = Debug|Any CPU
		{C4EA981C-585B-4B09-A2FF-58B351259DF5}.Debug|x64.Build.0 = Debug|Any CPU
		{C4EA981C-585B-4B09-A2FF-58B351259DF5}.Debug|x86.ActiveCfg = Debug|Any CPU
		{C4EA981C-585B-4B09-A2FF-58B351259DF5}.Debug|x86.Build.0 = Debug|Any CPU
		{C4EA981C-585B-4B09-A2FF-58B351259DF5}.Release|Any CPU.ActiveCfg = Release|Any CPU
		{C4EA981C-585B-4B09-A2FF-58B351259DF5}.Release|Any CPU.Build.0 = Release|Any CPU
		{C4EA981C-585B-4B09-A2FF-58B351259DF5}.Release|x64.ActiveCfg = Release|Any CPU
		{C4EA981C-585B-4B09-A2FF-58B351259DF5}.Release|x64.Build.0 = Release|Any CPU
		{C4EA981C-585B-4B09-A2FF-58B351259DF5}.Release|x86.ActiveCfg = Release|Any CPU
		{C4EA981C-585B-4B09-A2FF-58B351259DF5}.Release|x86.Build.0 = Release|Any CPU
		{5D5E334A-C3CF-4A5E-AB97-641C9F992AD9}.Debug|Any CPU.ActiveCfg = Debug|Any CPU
		{5D5E334A-C3CF-4A5E-AB97-641C9F992AD9}.Debug|Any CPU.Build.0 = Debug|Any CPU
		{5D5E334A-C3CF-4A5E-AB97-641C9F992AD9}.Debug|x64.ActiveCfg = Debug|Any CPU
		{5D5E334A-C3CF-4A5E-AB97-641C9F992AD9}.Debug|x64.Build.0 = Debug|Any CPU
		{5D5E334A-C3CF-4A5E-AB97-641C9F992AD9}.Debug|x86.ActiveCfg = Debug|Any CPU
		{5D5E334A-C3CF-4A5E-AB97-641C9F992AD9}.Debug|x86.Build.0 = Debug|Any CPU
		{5D5E334A-C3CF-4A5E-AB97-641C9F992AD9}.Release|Any CPU.ActiveCfg = Release|Any CPU
		{5D5E334A-C3CF-4A5E-AB97-641C9F992AD9}.Release|Any CPU.Build.0 = Release|Any CPU
		{5D5E334A-C3CF-4A5E-AB97-641C9F992AD9}.Release|x64.ActiveCfg = Release|Any CPU
		{5D5E334A-C3CF-4A5E-AB97-641C9F992AD9}.Release|x64.Build.0 = Release|Any CPU
		{5D5E334A-C3CF-4A5E-AB97-641C9F992AD9}.Release|x86.ActiveCfg = Release|Any CPU
		{5D5E334A-C3CF-4A5E-AB97-641C9F992AD9}.Release|x86.Build.0 = Release|Any CPU
	EndGlobalSection
	GlobalSection(SolutionProperties) = preSolution
		HideSolutionNode = FALSE
	EndGlobalSection
	GlobalSection(ExtensibilityGlobals) = postSolution
		SolutionGuid = {BAB27B62-788E-47DB-813C-17684B83E373}
	EndGlobalSection
EndGlobal
