
Microsoft Visual Studio Solution File, Format Version 12.00
# Visual Studio 15
VisualStudioVersion = 15.0.28307.271
MinimumVisualStudioVersion = 10.0.40219.1
Project("{8BC9CEB8-8B4A-11D0-8D11-00A0C91BC942}") = "A", "A\A.vcxproj", "{25A15BBB-EF7D-403F-8E9F-D81A85800DC1}"
EndProject
Project("{FAE04EC0-301F-11D3-BF4B-00C04F79EFBC}") = "B", "B\B.csproj", "{3DA45D4C-D92A-4960-8768-FFF1FF121A33}"
EndProject
Project("{FAE04EC0-301F-11D3-BF4B-00C04F79EFBC}") = "C", "C\C.csproj", "{2A9C925B-3A1C-49A2-BEC6-0BDC9AF52DF5}"
EndProject
Global
	GlobalSection(SolutionConfigurationPlatforms) = preSolution
		Debug|Any CPU = Debug|Any CPU
		Debug|x64 = Debug|x64
		Debug|x86 = Debug|x86
		Release|Any CPU = Release|Any CPU
		Release|x64 = Release|x64
		Release|x86 = Release|x86
	EndGlobalSection
	GlobalSection(ProjectConfigurationPlatforms) = postSolution
		{25A15BBB-EF7D-403F-8E9F-D81A85800DC1}.Debug|Any CPU.ActiveCfg = Debug|Win32
		{25A15BBB-EF7D-403F-8E9F-D81A85800DC1}.Debug|x64.ActiveCfg = Debug|x64
		{25A15BBB-EF7D-403F-8E9F-D81A85800DC1}.Debug|x64.Build.0 = Debug|x64
		{25A15BBB-EF7D-403F-8E9F-D81A85800DC1}.Debug|x86.ActiveCfg = Debug|Win32
		{25A15BBB-EF7D-403F-8E9F-D81A85800DC1}.Debug|x86.Build.0 = Debug|Win32
		{25A15BBB-EF7D-403F-8E9F-D81A85800DC1}.Release|Any CPU.ActiveCfg = Release|Win32
		{25A15BBB-EF7D-403F-8E9F-D81A85800DC1}.Release|x64.ActiveCfg = Release|x64
		{25A15BBB-EF7D-403F-8E9F-D81A85800DC1}.Release|x64.Build.0 = Release|x64
		{25A15BBB-EF7D-403F-8E9F-D81A85800DC1}.Release|x86.ActiveCfg = Release|Win32
		{25A15BBB-EF7D-403F-8E9F-D81A85800DC1}.Release|x86.Build.0 = Release|Win32
		{3DA45D4C-D92A-4960-8768-FFF1FF121A33}.Debug|Any CPU.ActiveCfg = Debug|Any CPU
		{3DA45D4C-D92A-4960-8768-FFF1FF121A33}.Debug|Any CPU.Build.0 = Debug|Any CPU
		{3DA45D4C-D92A-4960-8768-FFF1FF121A33}.Debug|x64.ActiveCfg = Debug|Any CPU
		{3DA45D4C-D92A-4960-8768-FFF1FF121A33}.Debug|x64.Build.0 = Debug|Any CPU
		{3DA45D4C-D92A-4960-8768-FFF1FF121A33}.Debug|x86.ActiveCfg = Debug|Any CPU
		{3DA45D4C-D92A-4960-8768-FFF1FF121A33}.Debug|x86.Build.0 = Debug|Any CPU
		{3DA45D4C-D92A-4960-8768-FFF1FF121A33}.Release|Any CPU.ActiveCfg = Release|Any CPU
		{3DA45D4C-D92A-4960-8768-FFF1FF121A33}.Release|Any CPU.Build.0 = Release|Any CPU
		{3DA45D4C-D92A-4960-8768-FFF1FF121A33}.Release|x64.ActiveCfg = Release|Any CPU
		{3DA45D4C-D92A-4960-8768-FFF1FF121A33}.Release|x64.Build.0 = Release|Any CPU
		{3DA45D4C-D92A-4960-8768-FFF1FF121A33}.Release|x86.ActiveCfg = Release|Any CPU
		{3DA45D4C-D92A-4960-8768-FFF1FF121A33}.Release|x86.Build.0 = Release|Any CPU
		{2A9C925B-3A1C-49A2-BEC6-0BDC9AF52DF5}.Debug|Any CPU.ActiveCfg = Debug|Any CPU
		{2A9C925B-3A1C-49A2-BEC6-0BDC9AF52DF5}.Debug|Any CPU.Build.0 = Debug|Any CPU
		{2A9C925B-3A1C-49A2-BEC6-0BDC9AF52DF5}.Debug|x64.ActiveCfg = Debug|Any CPU
		{2A9C925B-3A1C-49A2-BEC6-0BDC9AF52DF5}.Debug|x64.Build.0 = Debug|Any CPU
		{2A9C925B-3A1C-49A2-BEC6-0BDC9AF52DF5}.Debug|x86.ActiveCfg = Debug|Any CPU
		{2A9C925B-3A1C-49A2-BEC6-0BDC9AF52DF5}.Debug|x86.Build.0 = Debug|Any CPU
		{2A9C925B-3A1C-49A2-BEC6-0BDC9AF52DF5}.Release|Any CPU.ActiveCfg = Release|Any CPU
		{2A9C925B-3A1C-49A2-BEC6-0BDC9AF52DF5}.Release|Any CPU.Build.0 = Release|Any CPU
		{2A9C925B-3A1C-49A2-BEC6-0BDC9AF52DF5}.Release|x64.ActiveCfg = Release|Any CPU
		{2A9C925B-3A1C-49A2-BEC6-0BDC9AF52DF5}.Release|x64.Build.0 = Release|Any CPU
		{2A9C925B-3A1C-49A2-BEC6-0BDC9AF52DF5}.Release|x86.ActiveCfg = Release|Any CPU
		{2A9C925B-3A1C-49A2-BEC6-0BDC9AF52DF5}.Release|x86.Build.0 = Release|Any CPU
	EndGlobalSection
	GlobalSection(SolutionProperties) = preSolution
		HideSolutionNode = FALSE
	EndGlobalSection
	GlobalSection(ExtensibilityGlobals) = postSolution
		SolutionGuid = {36CDF546-4870-46BA-81E4-E0A57173FC7B}
	EndGlobalSection
EndGlobal
