
Microsoft Visual Studio Solution File, Format Version 12.00
# Visual Studio 15
VisualStudioVersion = 15.0.27428.2005
MinimumVisualStudioVersion = 10.0.40219.1
Project("{FAE04EC0-301F-11D3-BF4B-00C04F79EFBC}") = "A", "ABC083\A.csproj", "{3B327DBE-061D-42A2-90D2-2E28FEF71098}"
EndProject
Project("{FAE04EC0-301F-11D3-BF4B-00C04F79EFBC}") = "B", "B\B.csproj", "{E1FE2E51-6CA5-42C5-B5D2-BA6015CB8401}"
EndProject
Project("{FAE04EC0-301F-11D3-BF4B-00C04F79EFBC}") = "C", "C\C.csproj", "{AB3E89DC-BAE2-486E-A691-3EF21B8D9DB4}"
EndProject
Global
	GlobalSection(SolutionConfigurationPlatforms) = preSolution
		Debug|Any CPU = Debug|Any CPU
		Release|Any CPU = Release|Any CPU
	EndGlobalSection
	GlobalSection(ProjectConfigurationPlatforms) = postSolution
		{3B327DBE-061D-42A2-90D2-2E28FEF71098}.Debug|Any CPU.ActiveCfg = Debug|Any CPU
		{3B327DBE-061D-42A2-90D2-2E28FEF71098}.Debug|Any CPU.Build.0 = Debug|Any CPU
		{3B327DBE-061D-42A2-90D2-2E28FEF71098}.Release|Any CPU.ActiveCfg = Release|Any CPU
		{3B327DBE-061D-42A2-90D2-2E28FEF71098}.Release|Any CPU.Build.0 = Release|Any CPU
		{E1FE2E51-6CA5-42C5-B5D2-BA6015CB8401}.Debug|Any CPU.ActiveCfg = Debug|Any CPU
		{E1FE2E51-6CA5-42C5-B5D2-BA6015CB8401}.Debug|Any CPU.Build.0 = Debug|Any CPU
		{E1FE2E51-6CA5-42C5-B5D2-BA6015CB8401}.Release|Any CPU.ActiveCfg = Release|Any CPU
		{E1FE2E51-6CA5-42C5-B5D2-BA6015CB8401}.Release|Any CPU.Build.0 = Release|Any CPU
		{AB3E89DC-BAE2-486E-A691-3EF21B8D9DB4}.Debug|Any CPU.ActiveCfg = Debug|Any CPU
		{AB3E89DC-BAE2-486E-A691-3EF21B8D9DB4}.Debug|Any CPU.Build.0 = Debug|Any CPU
		{AB3E89DC-BAE2-486E-A691-3EF21B8D9DB4}.Release|Any CPU.ActiveCfg = Release|Any CPU
		{AB3E89DC-BAE2-486E-A691-3EF21B8D9DB4}.Release|Any CPU.Build.0 = Release|Any CPU
	EndGlobalSection
	GlobalSection(SolutionProperties) = preSolution
		HideSolutionNode = FALSE
	EndGlobalSection
	GlobalSection(ExtensibilityGlobals) = postSolution
		SolutionGuid = {34BDF3EA-3C5D-4635-A047-9D2A6289021A}
	EndGlobalSection
EndGlobal
