
Microsoft Visual Studio Solution File, Format Version 12.00
# Visual Studio 15
VisualStudioVersion = 15.0.28307.102
MinimumVisualStudioVersion = 10.0.40219.1
Project("{8BC9CEB8-8B4A-11D0-8D11-00A0C91BC942}") = "A", "A\A.vcxproj", "{F78C0A0C-1BCC-44D6-837D-FCAE87675E3D}"
EndProject
Project("{8BC9CEB8-8B4A-11D0-8D11-00A0C91BC942}") = "B", "B\B.vcxproj", "{1659C1D8-959C-4433-B434-E1B5A85F4090}"
EndProject
Project("{FAE04EC0-301F-11D3-BF4B-00C04F79EFBC}") = "C", "C\C.csproj", "{3A6FB184-F3BE-4A6A-8E1D-56BB364F6670}"
EndProject
Project("{FAE04EC0-301F-11D3-BF4B-00C04F79EFBC}") = "D", "D\D.csproj", "{A532CA3F-1EE9-473F-ABA6-C82218D144CA}"
EndProject
Global
	GlobalSection(SolutionConfigurationPlatforms) = preSolution
		Debug|Any CPU = Debug|Any CPU
		Debug|x64 = Debug|x64
		Debug|x86 = Debug|x86
		Release|Any CPU = Release|Any CPU
		Release|x64 = Release|x64
		Release|x86 = Release|x86
	EndGlobalSection
	GlobalSection(ProjectConfigurationPlatforms) = postSolution
		{F78C0A0C-1BCC-44D6-837D-FCAE87675E3D}.Debug|Any CPU.ActiveCfg = Debug|Win32
		{F78C0A0C-1BCC-44D6-837D-FCAE87675E3D}.Debug|x64.ActiveCfg = Debug|x64
		{F78C0A0C-1BCC-44D6-837D-FCAE87675E3D}.Debug|x64.Build.0 = Debug|x64
		{F78C0A0C-1BCC-44D6-837D-FCAE87675E3D}.Debug|x86.ActiveCfg = Debug|Win32
		{F78C0A0C-1BCC-44D6-837D-FCAE87675E3D}.Debug|x86.Build.0 = Debug|Win32
		{F78C0A0C-1BCC-44D6-837D-FCAE87675E3D}.Release|Any CPU.ActiveCfg = Release|Win32
		{F78C0A0C-1BCC-44D6-837D-FCAE87675E3D}.Release|x64.ActiveCfg = Release|x64
		{F78C0A0C-1BCC-44D6-837D-FCAE87675E3D}.Release|x64.Build.0 = Release|x64
		{F78C0A0C-1BCC-44D6-837D-FCAE87675E3D}.Release|x86.ActiveCfg = Release|Win32
		{F78C0A0C-1BCC-44D6-837D-FCAE87675E3D}.Release|x86.Build.0 = Release|Win32
		{1659C1D8-959C-4433-B434-E1B5A85F4090}.Debug|Any CPU.ActiveCfg = Debug|Win32
		{1659C1D8-959C-4433-B434-E1B5A85F4090}.Debug|x64.ActiveCfg = Debug|x64
		{1659C1D8-959C-4433-B434-E1B5A85F4090}.Debug|x64.Build.0 = Debug|x64
		{1659C1D8-959C-4433-B434-E1B5A85F4090}.Debug|x86.ActiveCfg = Debug|Win32
		{1659C1D8-959C-4433-B434-E1B5A85F4090}.Debug|x86.Build.0 = Debug|Win32
		{1659C1D8-959C-4433-B434-E1B5A85F4090}.Release|Any CPU.ActiveCfg = Release|Win32
		{1659C1D8-959C-4433-B434-E1B5A85F4090}.Release|x64.ActiveCfg = Release|x64
		{1659C1D8-959C-4433-B434-E1B5A85F4090}.Release|x64.Build.0 = Release|x64
		{1659C1D8-959C-4433-B434-E1B5A85F4090}.Release|x86.ActiveCfg = Release|Win32
		{1659C1D8-959C-4433-B434-E1B5A85F4090}.Release|x86.Build.0 = Release|Win32
		{3A6FB184-F3BE-4A6A-8E1D-56BB364F6670}.Debug|Any CPU.ActiveCfg = Debug|Any CPU
		{3A6FB184-F3BE-4A6A-8E1D-56BB364F6670}.Debug|Any CPU.Build.0 = Debug|Any CPU
		{3A6FB184-F3BE-4A6A-8E1D-56BB364F6670}.Debug|x64.ActiveCfg = Debug|Any CPU
		{3A6FB184-F3BE-4A6A-8E1D-56BB364F6670}.Debug|x64.Build.0 = Debug|Any CPU
		{3A6FB184-F3BE-4A6A-8E1D-56BB364F6670}.Debug|x86.ActiveCfg = Debug|Any CPU
		{3A6FB184-F3BE-4A6A-8E1D-56BB364F6670}.Debug|x86.Build.0 = Debug|Any CPU
		{3A6FB184-F3BE-4A6A-8E1D-56BB364F6670}.Release|Any CPU.ActiveCfg = Release|Any CPU
		{3A6FB184-F3BE-4A6A-8E1D-56BB364F6670}.Release|Any CPU.Build.0 = Release|Any CPU
		{3A6FB184-F3BE-4A6A-8E1D-56BB364F6670}.Release|x64.ActiveCfg = Release|Any CPU
		{3A6FB184-F3BE-4A6A-8E1D-56BB364F6670}.Release|x64.Build.0 = Release|Any CPU
		{3A6FB184-F3BE-4A6A-8E1D-56BB364F6670}.Release|x86.ActiveCfg = Release|Any CPU
		{3A6FB184-F3BE-4A6A-8E1D-56BB364F6670}.Release|x86.Build.0 = Release|Any CPU
		{A532CA3F-1EE9-473F-ABA6-C82218D144CA}.Debug|Any CPU.ActiveCfg = Debug|Any CPU
		{A532CA3F-1EE9-473F-ABA6-C82218D144CA}.Debug|Any CPU.Build.0 = Debug|Any CPU
		{A532CA3F-1EE9-473F-ABA6-C82218D144CA}.Debug|x64.ActiveCfg = Debug|Any CPU
		{A532CA3F-1EE9-473F-ABA6-C82218D144CA}.Debug|x64.Build.0 = Debug|Any CPU
		{A532CA3F-1EE9-473F-ABA6-C82218D144CA}.Debug|x86.ActiveCfg = Debug|Any CPU
		{A532CA3F-1EE9-473F-ABA6-C82218D144CA}.Debug|x86.Build.0 = Debug|Any CPU
		{A532CA3F-1EE9-473F-ABA6-C82218D144CA}.Release|Any CPU.ActiveCfg = Release|Any CPU
		{A532CA3F-1EE9-473F-ABA6-C82218D144CA}.Release|Any CPU.Build.0 = Release|Any CPU
		{A532CA3F-1EE9-473F-ABA6-C82218D144CA}.Release|x64.ActiveCfg = Release|Any CPU
		{A532CA3F-1EE9-473F-ABA6-C82218D144CA}.Release|x64.Build.0 = Release|Any CPU
		{A532CA3F-1EE9-473F-ABA6-C82218D144CA}.Release|x86.ActiveCfg = Release|Any CPU
		{A532CA3F-1EE9-473F-ABA6-C82218D144CA}.Release|x86.Build.0 = Release|Any CPU
	EndGlobalSection
	GlobalSection(SolutionProperties) = preSolution
		HideSolutionNode = FALSE
	EndGlobalSection
	GlobalSection(ExtensibilityGlobals) = postSolution
		SolutionGuid = {89764837-D3BF-4631-B82C-3BF9C882AF12}
	EndGlobalSection
EndGlobal
